<?xml version="1.0" encoding="UTF-8"?>
<Scheme
   LastUpgradeVersion = "1600"
   version = "1.7">
   <BuildAction
      parallelizeBuildables = "YES"
      buildImplicitDependencies = "YES">
      <BuildActionEntries>
         <BuildActionEntry
            buildForTesting = "YES"
            buildForRunning = "YES"
            buildForProfiling = "YES"
            buildForArchiving = "YES"
            buildForAnalyzing = "YES">
            <BuildableReference
               BuildableIdentifier = "primary"
               BlueprintIdentifier = "034DB19F16BC2B6AF3641873"
               BuildableName = "NanoMouse.app"
               BlueprintName = "SCT"
               ReferencedContainer = "container:Hamster.xcodeproj">
            </BuildableReference>
         </BuildActionEntry>
         <BuildActionEntry
            buildForTesting = "YES"
            buildForRunning = "NO"
            buildForProfiling = "NO"
            buildForArchiving = "NO"
            buildForAnalyzing = "NO">
            <BuildableReference
               BuildableIdentifier = "primary"
               BlueprintIdentifier = "7B2604260000000000001007"
               BuildableName = "SCTUITests.xctest"
               BlueprintName = "SCTUITests"
               ReferencedContainer = "container:Hamster.xcodeproj">
            </BuildableReference>
         </BuildActionEntry>
      </BuildActionEntries>
   </BuildAction>
   <TestAction
      buildConfiguration = "Debug"
      selectedDebuggerIdentifier = "Xcode.DebuggerFoundation.Debugger.LLDB"
      selectedLauncherIdentifier = "Xcode.DebuggerFoundation.Launcher.LLDB"
      shouldUseLaunchSchemeArgsEnv = "YES">
      <MacroExpansion>
         <BuildableReference
            BuildableIdentifier = "primary"
            BlueprintIdentifier = "034DB19F16BC2B6AF3641873"
            BuildableName = "NanoMouse.app"
            BlueprintName = "SCT"
            ReferencedContainer = "container:Hamster.xcodeproj">
         </BuildableReference>
      </MacroExpansion>
      <Testables>
         <TestableReference
            skipped = "NO"
            parallelizable = "YES">
            <BuildableReference
               BuildableIdentifier = "primary"
               BlueprintIdentifier = "7B2604260000000000001007"
               BuildableName = "SCTUITests.xctest"
               BlueprintName = "SCTUITests"
               ReferencedContainer = "container:Hamster.xcodeproj">
            </BuildableReference>
         </TestableReference>
      </Testables>
   </TestAction>
   <LaunchAction
      buildConfiguration = "Release"
      selectedDebuggerIdentifier = "Xcode.DebuggerFoundation.Debugger.LLDB"
      selectedLauncherIdentifier = "Xcode.DebuggerFoundation.Launcher.LLDB"
      launchStyle = "0"
      useCustomWorkingDirectory = "NO"
      ignoresPersistentStateOnLaunch = "NO"
      debugDocumentVersioning = "YES"
      debugServiceExtension = "internal"
      allowLocationSimulation = "YES">
      <PreActions>
         <ExecutionAction
            ActionType = "Xcode.IDEStandardExecutionActionsCore.ExecutionActionType.ShellScriptAction">
            <ActionContent
               title = "Sign SwiftPM Package Frameworks"
               scriptText = "set -e&#10;&#10;PACKAGE_FRAMEWORKS_DIR=&quot;${BUILT_PRODUCTS_DIR}/PackageFrameworks&quot;&#10;[ -d &quot;${PACKAGE_FRAMEWORKS_DIR}&quot; ] || exit 0&#10;&#10;SIGN_IDENTITY=&quot;${EXPANDED_CODE_SIGN_IDENTITY:-}&quot;&#10;if [ -z &quot;${SIGN_IDENTITY}&quot; ] || [ &quot;${SIGN_IDENTITY}&quot; = &quot;-&quot; ] || [ &quot;${CODE_SIGNING_ALLOWED:-YES}&quot; = &quot;NO&quot; ]; then&#10;  exit 0&#10;fi&#10;&#10;for framework in &quot;${PACKAGE_FRAMEWORKS_DIR}&quot;/*.framework; do&#10;  [ -d &quot;${framework}&quot; ] || continue&#10;  /usr/bin/codesign --force --sign &quot;${SIGN_IDENTITY}&quot; --options runtime --timestamp=none &quot;${framework}&quot;&#10;done&#10;">
               <EnvironmentBuildable>
                  <BuildableReference
                     BuildableIdentifier = "primary"
                     BlueprintIdentifier = "034DB19F16BC2B6AF3641873"
                     BuildableName = "NanoMouse.app"
                     BlueprintName = "SCT"
                     ReferencedContainer = "container:Hamster.xcodeproj">
                  </BuildableReference>
               </EnvironmentBuildable>
            </ActionContent>
         </ExecutionAction>
      </PreActions>
      <BuildableProductRunnable
         runnableDebuggingMode = "0">
         <BuildableReference
            BuildableIdentifier = "primary"
            BlueprintIdentifier = "034DB19F16BC2B6AF3641873"
            BuildableName = "NanoMouse.app"
            BlueprintName = "SCT"
            ReferencedContainer = "container:Hamster.xcodeproj">
         </BuildableReference>
      </BuildableProductRunnable>
   </LaunchAction>
   <ProfileAction
      buildConfiguration = "Release"
      shouldUseLaunchSchemeArgsEnv = "YES"
      savedToolIdentifier = ""
      useCustomWorkingDirectory = "NO"
      debugDocumentVersioning = "YES">
      <BuildableProductRunnable
         runnableDebuggingMode = "0">
         <BuildableReference
            BuildableIdentifier = "primary"
            BlueprintIdentifier = "034DB19F16BC2B6AF3641873"
            BuildableName = "NanoMouse.app"
            BlueprintName = "SCT"
            ReferencedContainer = "container:Hamster.xcodeproj">
         </BuildableReference>
      </BuildableProductRunnable>
   </ProfileAction>
   <AnalyzeAction
      buildConfiguration = "Debug">
   </AnalyzeAction>
   <ArchiveAction
      buildConfiguration = "Release"
      revealArchiveInOrganizer = "YES">
   </ArchiveAction>
</Scheme>
