// !$*UTF8*$!
{
	archiveVersion = 1;
	classes = {
	};
	objectVersion = 60;
	objects = {

/* Begin PBXBuildFile section */
		000AD9A7B8B7BF183239A494 /* RimeConfigManager.swift in Sources */ = {isa = PBXBuildFile; fileRef = 803AE9BD4CBE5A038F1ACE74 /* RimeConfigManager.swift */; };
		0EA611C70791CEA8A10EB67F /* ConfigSchema.json in Resources */ = {isa = PBXBuildFile; fileRef = 034D1299E7F66EFEFF108E4C /* ConfigSchema.json */; };
		0F1A2B3C4D5E6F708192A3B4 /* NanomouseReviewKit in Frameworks */ = {isa = PBXBuildFile; productRef = 0F1A2B3C4D5E6F708192A3B5 /* NanomouseReviewKit */; };
		1C727EEE95267F4EB56B27A8 /* MarkdownUI in Frameworks */ = {isa = PBXBuildFile; productRef = 86A69570B6A620619716F664 /* MarkdownUI */; };
		282C1F4DD89D7255EA115E05 /* HotkeyRecorder.swift in Sources */ = {isa = PBXBuildFile; fileRef = DDE9904051275841118E6EC8 /* HotkeyRecorder.swift */; };
		4A438822FEFD4E6892DBDFC0 /* PrivacyInfo.xcprivacy in Resources */ = {isa = PBXBuildFile; fileRef = BBDF3CFBE2F14C0CB71387B5 /* PrivacyInfo.xcprivacy */; };
		4E6A7E2E38D6AB8BC32C8422 /* EmbeddedModuleHostKit in Frameworks */ = {isa = PBXBuildFile; productRef = FB98E1496AA21223BE88E23F /* EmbeddedModuleHostKit */; };
		5DF9BD59DBF42A89ADE3C73B /* NanomousePreset.swift in Sources */ = {isa = PBXBuildFile; fileRef = 378B1CE6110676BF59B3F635 /* NanomousePreset.swift */; };
		5E84D052531658EAD03801D6 /* SCTApp.swift in Sources */ = {isa = PBXBuildFile; fileRef = A220479952655DE4C296084E /* SCTApp.swift */; };
		601F27ACEF702E0436559FEF /* AdvancedSettingsView.swift in Sources */ = {isa = PBXBuildFile; fileRef = 5334DA1ACA6D3D5704A02449 /* AdvancedSettingsView.swift */; };
		6611EB412F0ECE25005608B9 /* hamster.yaml in Resources */ = {isa = PBXBuildFile; fileRef = C0C9041C2A56412200AF3F15 /* hamster.yaml */; };
		6611EB422F0ECE26005608B9 /* hamster.yaml in Copy Rime SharedSupport */ = {isa = PBXBuildFile; fileRef = C0C9041C2A56412200AF3F15 /* hamster.yaml */; };
		6611EB492F15B8E2005608B9 /* icudata.xcframework in Frameworks */ = {isa = PBXBuildFile; fileRef = 6611EB452F15B8E2005608B9 /* icudata.xcframework */; };
		6611EB4A2F15B8E2005608B9 /* icui18n.xcframework in Frameworks */ = {isa = PBXBuildFile; fileRef = 6611EB462F15B8E2005608B9 /* icui18n.xcframework */; };
		6611EB4B2F15B8E2005608B9 /* icuio.xcframework in Frameworks */ = {isa = PBXBuildFile; fileRef = 6611EB472F15B8E2005608B9 /* icuio.xcframework */; };
		6611EB4C2F15B8E2005608B9 /* icuuc.xcframework in Frameworks */ = {isa = PBXBuildFile; fileRef = 6611EB482F15B8E2005608B9 /* icuuc.xcframework */; };
		6611EB4D2F15B8E2005608B9 /* icudata.xcframework in Frameworks */ = {isa = PBXBuildFile; fileRef = 6611EB452F15B8E2005608B9 /* icudata.xcframework */; };
		6611EB4E2F15B8E2005608B9 /* icui18n.xcframework in Frameworks */ = {isa = PBXBuildFile; fileRef = 6611EB462F15B8E2005608B9 /* icui18n.xcframework */; };
		6611EB4F2F15B8E2005608B9 /* icuio.xcframework in Frameworks */ = {isa = PBXBuildFile; fileRef = 6611EB472F15B8E2005608B9 /* icuio.xcframework */; };
		6611EB502F15B8E2005608B9 /* icuuc.xcframework in Frameworks */ = {isa = PBXBuildFile; fileRef = 6611EB482F15B8E2005608B9 /* icuuc.xcframework */; };
		662EB88E2FAB498500DEAAFD /* StoreKit.framework in Frameworks */ = {isa = PBXBuildFile; fileRef = 662EB88D2FAB498500DEAAFD /* StoreKit.framework */; };
		662EB8902FAB499100DEAAFD /* StoreKit.framework in Frameworks */ = {isa = PBXBuildFile; fileRef = 662EB88F2FAB499100DEAAFD /* StoreKit.framework */; };
		6EEB847DF307BC5D9D7BAAA6 /* ContentView.swift in Sources */ = {isa = PBXBuildFile; fileRef = 797F32A514B42D5B4A3AC869 /* ContentView.swift */; };
		7434EF8D05A41F52DF8FD2A4 /* Yams in Frameworks */ = {isa = PBXBuildFile; productRef = A583BF6DB266C2092B020A23 /* Yams */; };
		7A2604260000000000000005 /* ScreenshotTests.swift in Sources */ = {isa = PBXBuildFile; fileRef = 7A2604260000000000000002 /* ScreenshotTests.swift */; };
		7A2604260000000000000006 /* SnapshotHelper.swift in Sources */ = {isa = PBXBuildFile; fileRef = 7A2604260000000000000003 /* SnapshotHelper.swift */; };
		7A2604260000000000000011 /* ScreenshotSupport.swift in Sources */ = {isa = PBXBuildFile; fileRef = 7A2604260000000000000010 /* ScreenshotSupport.swift */; };
		7B2604260000000000001005 /* ScreenshotTests.swift in Sources */ = {isa = PBXBuildFile; fileRef = 7B2604260000000000001002 /* ScreenshotTests.swift */; };
		7B2604260000000000001006 /* SnapshotHelper.swift in Sources */ = {isa = PBXBuildFile; fileRef = 7B2604260000000000001003 /* SnapshotHelper.swift */; };
		7D71B6C4B55F2CEBF9C7B6C6 /* SchemaDrivenView.swift in Sources */ = {isa = PBXBuildFile; fileRef = 4AA44318BFB9E757D7FD91C6 /* SchemaDrivenView.swift */; };
		7F8A4A613CFB41CF894B7DF9 /* PrivacyInfo.xcprivacy in Resources */ = {isa = PBXBuildFile; fileRef = 113985FB3C0048FD8C73DAE8 /* PrivacyInfo.xcprivacy */; };
		80B7B9768052F3128A75BDE1 /* EmbeddedModuleHost.swift in Sources */ = {isa = PBXBuildFile; fileRef = 00F585BEDF9A7159AFBA1E2C /* EmbeddedModuleHost.swift */; };
		83A5021DE0E16A835C24D109 /* UpdaterViewModel.swift in Sources */ = {isa = PBXBuildFile; fileRef = 686C61A48062B8FFD03E5002 /* UpdaterViewModel.swift */; };
		8BD9CC0A7BF1DD566E3C31C8 /* AccessRequestView.swift in Sources */ = {isa = PBXBuildFile; fileRef = 098632F7F01C6BA30216932A /* AccessRequestView.swift */; };
		93574C47469B70B73C84AC1E /* Cocoa.framework in Frameworks */ = {isa = PBXBuildFile; fileRef = 140AD60148CD771E40791AA0 /* Cocoa.framework */; };
		953C7FAB4F9E5F4305BA83AD /* Help.md in Resources */ = {isa = PBXBuildFile; fileRef = 33B32CEB35D0335627EDE72D /* Help.md */; };
		98BC9BBF3E85E5DDE9E869EB /* NanomouseSettingsView.swift in Sources */ = {isa = PBXBuildFile; fileRef = E18CC0BE25F6AC0B272E39BD /* NanomouseSettingsView.swift */; };
		9920617D13E2FE5C1EFB6A1D /* Color+BGR.swift in Sources */ = {isa = PBXBuildFile; fileRef = A158829CDBB269B0462A19E6 /* Color+BGR.swift */; };
		A1B2C3D4E5F6012345678901 /* InfoPlist.strings in Resources */ = {isa = PBXBuildFile; fileRef = A1B2C3D4E5F6012345678902 /* InfoPlist.strings */; };
		ACA046B79F6CFD2C14D4155B /* RimeConfigManager+Nanomouse.swift in Sources */ = {isa = PBXBuildFile; fileRef = 3736FB22F2A3E3D4343D7F61 /* RimeConfigManager+Nanomouse.swift */; };
		BF2D8D9467CD35CFFACF092D /* SchemaStore.swift in Sources */ = {isa = PBXBuildFile; fileRef = 446EDB72FBFB6ADD6FD4CD17 /* SchemaStore.swift */; };
		C00C26B72B0698E300E92F89 /* HamsterKeyboardKit in Frameworks */ = {isa = PBXBuildFile; productRef = C00C26B62B0698E300E92F89 /* HamsterKeyboardKit */; };
		C00C26C72B069D6A00E92F89 /* boost_filesystem.xcframework in Frameworks */ = {isa = PBXBuildFile; fileRef = C00C26BB2B069D6900E92F89 /* boost_filesystem.xcframework */; };
		C00C26C82B069D6A00E92F89 /* boost_filesystem.xcframework in Frameworks */ = {isa = PBXBuildFile; fileRef = C00C26BB2B069D6900E92F89 /* boost_filesystem.xcframework */; };
		C00C26CA2B069D6A00E92F89 /* boost_regex.xcframework in Frameworks */ = {isa = PBXBuildFile; fileRef = C00C26BC2B069D6900E92F89 /* boost_regex.xcframework */; };
		C00C26CB2B069D6A00E92F89 /* boost_regex.xcframework in Frameworks */ = {isa = PBXBuildFile; fileRef = C00C26BC2B069D6900E92F89 /* boost_regex.xcframework */; };
		C00C26CD2B069D6A00E92F89 /* boost_system.xcframework in Frameworks */ = {isa = PBXBuildFile; fileRef = C00C26BD2B069D6900E92F89 /* boost_system.xcframework */; };
		C00C26CE2B069D6A00E92F89 /* boost_system.xcframework in Frameworks */ = {isa = PBXBuildFile; fileRef = C00C26BD2B069D6900E92F89 /* boost_system.xcframework */; };
		C00C26D02B069D6A00E92F89 /* libglog.xcframework in Frameworks */ = {isa = PBXBuildFile; fileRef = C00C26BE2B069D6900E92F89 /* libglog.xcframework */; };
		C00C26D12B069D6A00E92F89 /* libglog.xcframework in Frameworks */ = {isa = PBXBuildFile; fileRef = C00C26BE2B069D6900E92F89 /* libglog.xcframework */; };
		C00C26D32B069D6A00E92F89 /* libyaml-cpp.xcframework in Frameworks */ = {isa = PBXBuildFile; fileRef = C00C26BF2B069D6900E92F89 /* libyaml-cpp.xcframework */; };
		C00C26D42B069D6A00E92F89 /* libyaml-cpp.xcframework in Frameworks */ = {isa = PBXBuildFile; fileRef = C00C26BF2B069D6900E92F89 /* libyaml-cpp.xcframework */; };
		C00C26D62B069D6A00E92F89 /* libleveldb.xcframework in Frameworks */ = {isa = PBXBuildFile; fileRef = C00C26C02B069D6A00E92F89 /* libleveldb.xcframework */; };
		C00C26D72B069D6A00E92F89 /* libleveldb.xcframework in Frameworks */ = {isa = PBXBuildFile; fileRef = C00C26C02B069D6A00E92F89 /* libleveldb.xcframework */; };
		C00C26DF2B069D6A00E92F89 /* libopencc.xcframework in Frameworks */ = {isa = PBXBuildFile; fileRef = C00C26C32B069D6A00E92F89 /* libopencc.xcframework */; };
		C00C26E02B069D6A00E92F89 /* libopencc.xcframework in Frameworks */ = {isa = PBXBuildFile; fileRef = C00C26C32B069D6A00E92F89 /* libopencc.xcframework */; };
		C00C26E22B069D6A00E92F89 /* boost_locale.xcframework in Frameworks */ = {isa = PBXBuildFile; fileRef = C00C26C42B069D6A00E92F89 /* boost_locale.xcframework */; };
		C00C26E32B069D6A00E92F89 /* boost_locale.xcframework in Frameworks */ = {isa = PBXBuildFile; fileRef = C00C26C42B069D6A00E92F89 /* boost_locale.xcframework */; };
		C00C26E52B069D6A00E92F89 /* libmarisa.xcframework in Frameworks */ = {isa = PBXBuildFile; fileRef = C00C26C52B069D6A00E92F89 /* libmarisa.xcframework */; };
		C00C26E62B069D6B00E92F89 /* libmarisa.xcframework in Frameworks */ = {isa = PBXBuildFile; fileRef = C00C26C52B069D6A00E92F89 /* libmarisa.xcframework */; };
		C00C26E82B069D6B00E92F89 /* librime.xcframework in Frameworks */ = {isa = PBXBuildFile; fileRef = C00C26C62B069D6A00E92F89 /* librime.xcframework */; };
		C00C26E92B069D6B00E92F89 /* librime.xcframework in Frameworks */ = {isa = PBXBuildFile; fileRef = C00C26C62B069D6A00E92F89 /* librime.xcframework */; };
		C01396FC2AB499D80043674A /* RimeSyncIntent.swift in Sources */ = {isa = PBXBuildFile; fileRef = C01396F92AB499CA0043674A /* RimeSyncIntent.swift */; };
		C01396FD2AB499D80043674A /* RimeDeployIntent.swift in Sources */ = {isa = PBXBuildFile; fileRef = C01396FA2AB499CA0043674A /* RimeDeployIntent.swift */; };
		C02435B42A0490230080CFB4 /* Assets.xcassets in Resources */ = {isa = PBXBuildFile; fileRef = C02435932A0490220080CFB4 /* Assets.xcassets */; };
		C02435B52A0490230080CFB4 /* Preview Assets.xcassets in Resources */ = {isa = PBXBuildFile; fileRef = C02435952A0490220080CFB4 /* Preview Assets.xcassets */; };
		C02C4D982AC105CA00FF91BA /* IntentProvider.swift in Sources */ = {isa = PBXBuildFile; fileRef = C02C4D972AC105CA00FF91BA /* IntentProvider.swift */; };
		C03319DA2A2DFEBB00CE4950 /* AppDelegete.swift in Sources */ = {isa = PBXBuildFile; fileRef = C03319D92A2DFEBB00CE4950 /* AppDelegete.swift */; };
		C03319DC2A2DFEF700CE4950 /* SceneDelegate.swift in Sources */ = {isa = PBXBuildFile; fileRef = C03319DB2A2DFEF700CE4950 /* SceneDelegate.swift */; };
		C03319E22A2E1BEA00CE4950 /* LaunchScreen.storyboard in Resources */ = {isa = PBXBuildFile; fileRef = C03319E12A2E1BEA00CE4950 /* LaunchScreen.storyboard */; };
		C03EC39A2B06491E00DB741E /* HamsterKeyboard.appex in Embed Foundation Extensions */ = {isa = PBXBuildFile; fileRef = C03E803C296D53650083E53A /* HamsterKeyboard.appex */; settings = {ATTRIBUTES = (RemoveHeadersOnCopy, ); }; };
		C03EC3A62B06670F00DB741E /* InfoPlist.strings in Resources */ = {isa = PBXBuildFile; fileRef = C03EC3A82B06670F00DB741E /* InfoPlist.strings */; };
		C053ADC32A5D503200EA7EEE /* HamsteriOS in Frameworks */ = {isa = PBXBuildFile; productRef = C053ADC22A5D503200EA7EEE /* HamsteriOS */; };
		C09F6AF72A07FB3900F2EF18 /* Assets.xcassets in Resources */ = {isa = PBXBuildFile; fileRef = C02435932A0490220080CFB4 /* Assets.xcassets */; };
		C0A602B32A185D88000DC924 /* HamsterKeyboardInputViewController.swift in Sources */ = {isa = PBXBuildFile; fileRef = C000CA9D296EA72600EC5323 /* HamsterKeyboardInputViewController.swift */; };
		C0C7EAEC29E5A236008D4EE1 /* InfoPlist.strings in Resources */ = {isa = PBXBuildFile; fileRef = C0C7EAEF29E5A236008D4EE1 /* InfoPlist.strings */; };
		C0D672B429F1E0E7002D0439 /* SharedSupport.zip in Copy Rime SharedSupport */ = {isa = PBXBuildFile; fileRef = C0D672B329F1E066002D0439 /* SharedSupport.zip */; };
		C0D856CC2B026FF6003DB275 /* rime-ice.zip in Copy Rime SharedSupport */ = {isa = PBXBuildFile; fileRef = C0D856CA2B026FDA003DB275 /* rime-ice.zip */; };
		C0DA3F422AFB5AE9003E74DA /* RimeDeployBackgroundIntent.swift in Sources */ = {isa = PBXBuildFile; fileRef = C0DA3F412AFB5AE9003E74DA /* RimeDeployBackgroundIntent.swift */; };
		C3406F9822F77479D5C35195 /* SchemaValueFormatter.swift in Sources */ = {isa = PBXBuildFile; fileRef = BE50FA39906F3610B691F36F /* SchemaValueFormatter.swift */; };
		CAB4CF2795F7E8CF88CD1580 /* Assets.xcassets in Resources */ = {isa = PBXBuildFile; fileRef = 200105F3FF0CBB3C70788F08 /* Assets.xcassets */; };
		F4820B196B5346C12F89C37C /* HelpView.swift in Sources */ = {isa = PBXBuildFile; fileRef = 2DCF4D820EA8488FE4668162 /* HelpView.swift */; };
		F7599F37E25BEE271D85317D /* L10n.swift in Sources */ = {isa = PBXBuildFile; fileRef = E9D226D38D63ADA8902EF4AF /* L10n.swift */; };
/* End PBXBuildFile section */

/* Begin PBXContainerItemProxy section */
		7B260426000000000000100B /* PBXContainerItemProxy */ = {
			isa = PBXContainerItemProxy;
			containerPortal = C03E801D296D4F4C0083E53A /* Project object */;
			proxyType = 1;
			remoteGlobalIDString = 034DB19F16BC2B6AF3641873;
			remoteInfo = SCT;
		};
		C03EC39B2B06491E00DB741E /* PBXContainerItemProxy */ = {
			isa = PBXContainerItemProxy;
			containerPortal = C03E801D296D4F4C0083E53A /* Project object */;
			proxyType = 1;
			remoteGlobalIDString = C03E803B296D53650083E53A;
			remoteInfo = HamsterKeyboard;
		};
/* End PBXContainerItemProxy section */

/* Begin PBXCopyFilesBuildPhase section */
		C03EC39D2B06491E00DB741E /* Embed Foundation Extensions */ = {
			isa = PBXCopyFilesBuildPhase;
			buildActionMask = 2147483647;
			dstPath = "";
			dstSubfolderSpec = 13;
			files = (
				C03EC39A2B06491E00DB741E /* HamsterKeyboard.appex in Embed Foundation Extensions */,
			);
			name = "Embed Foundation Extensions";
			runOnlyForDeploymentPostprocessing = 0;
		};
		C071BF712970126C00E21FBC /* Copy Rime SharedSupport */ = {
			isa = PBXCopyFilesBuildPhase;
			buildActionMask = 2147483647;
			dstPath = "";
			dstSubfolderSpec = 12;
			files = (
				C0D856CC2B026FF6003DB275 /* rime-ice.zip in Copy Rime SharedSupport */,
				C0D672B429F1E0E7002D0439 /* SharedSupport.zip in Copy Rime SharedSupport */,
				6611EB422F0ECE26005608B9 /* hamster.yaml in Copy Rime SharedSupport */,
			);
			name = "Copy Rime SharedSupport";
			runOnlyForDeploymentPostprocessing = 0;
		};
/* End PBXCopyFilesBuildPhase section */

/* Begin PBXFileReference section */
		00F585BEDF9A7159AFBA1E2C /* EmbeddedModuleHost.swift */ = {isa = PBXFileReference; includeInIndex = 1; lastKnownFileType = sourcecode.swift; path = EmbeddedModuleHost.swift; sourceTree = "<group>"; };
		034D1299E7F66EFEFF108E4C /* ConfigSchema.json */ = {isa = PBXFileReference; includeInIndex = 1; lastKnownFileType = text.json; path = ConfigSchema.json; sourceTree = "<group>"; };
		098632F7F01C6BA30216932A /* AccessRequestView.swift */ = {isa = PBXFileReference; includeInIndex = 1; lastKnownFileType = sourcecode.swift; path = AccessRequestView.swift; sourceTree = "<group>"; };
		113985FB3C0048FD8C73DAE8 /* PrivacyInfo.xcprivacy */ = {isa = PBXFileReference; lastKnownFileType = text.plist.xml; path = PrivacyInfo.xcprivacy; sourceTree = "<group>"; };
		140AD60148CD771E40791AA0 /* Cocoa.framework */ = {isa = PBXFileReference; lastKnownFileType = wrapper.framework; name = Cocoa.framework; path = Platforms/MacOSX.platform/Developer/SDKs/MacOSX15.0.sdk/System/Library/Frameworks/Cocoa.framework; sourceTree = DEVELOPER_DIR; };
		200105F3FF0CBB3C70788F08 /* Assets.xcassets */ = {isa = PBXFileReference; includeInIndex = 1; lastKnownFileType = folder.assetcatalog; path = Assets.xcassets; sourceTree = "<group>"; };
		2DCF4D820EA8488FE4668162 /* HelpView.swift */ = {isa = PBXFileReference; includeInIndex = 1; lastKnownFileType = sourcecode.swift; path = HelpView.swift; sourceTree = "<group>"; };
		33B32CEB35D0335627EDE72D /* Help.md */ = {isa = PBXFileReference; includeInIndex = 1; lastKnownFileType = net.daringfireball.markdown; path = Help.md; sourceTree = "<group>"; };
		3736FB22F2A3E3D4343D7F61 /* RimeConfigManager+Nanomouse.swift */ = {isa = PBXFileReference; includeInIndex = 1; lastKnownFileType = sourcecode.swift; path = "RimeConfigManager+Nanomouse.swift"; sourceTree = "<group>"; };
		378B1CE6110676BF59B3F635 /* NanomousePreset.swift */ = {isa = PBXFileReference; includeInIndex = 1; lastKnownFileType = sourcecode.swift; path = NanomousePreset.swift; sourceTree = "<group>"; };
		446EDB72FBFB6ADD6FD4CD17 /* SchemaStore.swift */ = {isa = PBXFileReference; includeInIndex = 1; lastKnownFileType = sourcecode.swift; path = SchemaStore.swift; sourceTree = "<group>"; };
		4AA44318BFB9E757D7FD91C6 /* SchemaDrivenView.swift */ = {isa = PBXFileReference; includeInIndex = 1; lastKnownFileType = sourcecode.swift; path = SchemaDrivenView.swift; sourceTree = "<group>"; };
		5334DA1ACA6D3D5704A02449 /* AdvancedSettingsView.swift */ = {isa = PBXFileReference; includeInIndex = 1; lastKnownFileType = sourcecode.swift; path = AdvancedSettingsView.swift; sourceTree = "<group>"; };
		6611EB452F15B8E2005608B9 /* icudata.xcframework */ = {isa = PBXFileReference; lastKnownFileType = wrapper.xcframework; path = icudata.xcframework; sourceTree = "<group>"; };
		6611EB462F15B8E2005608B9 /* icui18n.xcframework */ = {isa = PBXFileReference; lastKnownFileType = wrapper.xcframework; path = icui18n.xcframework; sourceTree = "<group>"; };
		6611EB472F15B8E2005608B9 /* icuio.xcframework */ = {isa = PBXFileReference; lastKnownFileType = wrapper.xcframework; path = icuio.xcframework; sourceTree = "<group>"; };
		6611EB482F15B8E2005608B9 /* icuuc.xcframework */ = {isa = PBXFileReference; lastKnownFileType = wrapper.xcframework; path = icuuc.xcframework; sourceTree = "<group>"; };
		662EB88D2FAB498500DEAAFD /* StoreKit.framework */ = {isa = PBXFileReference; lastKnownFileType = wrapper.framework; name = StoreKit.framework; path = System/Library/Frameworks/StoreKit.framework; sourceTree = SDKROOT; };
		662EB88F2FAB499100DEAAFD /* StoreKit.framework */ = {isa = PBXFileReference; lastKnownFileType = wrapper.framework; name = StoreKit.framework; path = Platforms/MacOSX.platform/Developer/SDKs/MacOSX26.2.sdk/System/Library/Frameworks/StoreKit.framework; sourceTree = DEVELOPER_DIR; };
		686C61A48062B8FFD03E5002 /* UpdaterViewModel.swift */ = {isa = PBXFileReference; includeInIndex = 1; lastKnownFileType = sourcecode.swift; path = UpdaterViewModel.swift; sourceTree = "<group>"; };
		797F32A514B42D5B4A3AC869 /* ContentView.swift */ = {isa = PBXFileReference; includeInIndex = 1; lastKnownFileType = sourcecode.swift; path = ContentView.swift; sourceTree = "<group>"; };
		7A2604260000000000000002 /* ScreenshotTests.swift */ = {isa = PBXFileReference; lastKnownFileType = sourcecode.swift; path = ScreenshotTests.swift; sourceTree = "<group>"; };
		7A2604260000000000000003 /* SnapshotHelper.swift */ = {isa = PBXFileReference; lastKnownFileType = sourcecode.swift; path = SnapshotHelper.swift; sourceTree = "<group>"; };
		7A2604260000000000000004 /* HamsterUITests.xctest */ = {isa = PBXFileReference; explicitFileType = wrapper.cfbundle; includeInIndex = 0; path = HamsterUITests.xctest; sourceTree = BUILT_PRODUCTS_DIR; };
		7A2604260000000000000010 /* ScreenshotSupport.swift */ = {isa = PBXFileReference; lastKnownFileType = sourcecode.swift; path = ScreenshotSupport.swift; sourceTree = "<group>"; };
		7B2604260000000000001002 /* ScreenshotTests.swift */ = {isa = PBXFileReference; lastKnownFileType = sourcecode.swift; path = ScreenshotTests.swift; sourceTree = "<group>"; };
		7B2604260000000000001003 /* SnapshotHelper.swift */ = {isa = PBXFileReference; lastKnownFileType = sourcecode.swift; path = SnapshotHelper.swift; sourceTree = "<group>"; };
		7B2604260000000000001004 /* SCTUITests.xctest */ = {isa = PBXFileReference; explicitFileType = wrapper.cfbundle; includeInIndex = 0; path = SCTUITests.xctest; sourceTree = BUILT_PRODUCTS_DIR; };
		803AE9BD4CBE5A038F1ACE74 /* RimeConfigManager.swift */ = {isa = PBXFileReference; includeInIndex = 1; lastKnownFileType = sourcecode.swift; path = RimeConfigManager.swift; sourceTree = "<group>"; };
		8A0D10CD705986269D449012 /* Info.plist */ = {isa = PBXFileReference; includeInIndex = 1; lastKnownFileType = text.plist.xml; path = Info.plist; sourceTree = "<group>"; };
		A1B2C3D4E5F6012345678903 /* en */ = {isa = PBXFileReference; lastKnownFileType = text.plist.strings; name = en; path = en.lproj/InfoPlist.strings; sourceTree = "<group>"; };
		A1B2C3D4E5F6012345678904 /* ja */ = {isa = PBXFileReference; lastKnownFileType = text.plist.strings; name = ja; path = ja.lproj/InfoPlist.strings; sourceTree = "<group>"; };
		A1B2C3D4E5F6012345678905 /* zh-Hans */ = {isa = PBXFileReference; lastKnownFileType = text.plist.strings; name = "zh-Hans"; path = "zh-Hans.lproj/InfoPlist.strings"; sourceTree = "<group>"; };
		A1B2C3D4E5F6012345678906 /* zh-HK */ = {isa = PBXFileReference; lastKnownFileType = text.plist.strings; name = "zh-HK"; path = "zh-HK.lproj/InfoPlist.strings"; sourceTree = "<group>"; };
		A1B2C3D4E5F6012345678907 /* zh-Hant */ = {isa = PBXFileReference; lastKnownFileType = text.plist.strings; name = "zh-Hant"; path = "zh-Hant.lproj/InfoPlist.strings"; sourceTree = "<group>"; };
		A1B2C3D4E5F6012345678908 /* zh */ = {isa = PBXFileReference; lastKnownFileType = text.plist.strings; name = zh; path = zh.lproj/InfoPlist.strings; sourceTree = "<group>"; };
		A158829CDBB269B0462A19E6 /* Color+BGR.swift */ = {isa = PBXFileReference; includeInIndex = 1; lastKnownFileType = sourcecode.swift; path = "Color+BGR.swift"; sourceTree = "<group>"; };
		A220479952655DE4C296084E /* SCTApp.swift */ = {isa = PBXFileReference; includeInIndex = 1; lastKnownFileType = sourcecode.swift; path = SCTApp.swift; sourceTree = "<group>"; };
		B8525A8107843174DE7A518A /* NanoMouse.app */ = {isa = PBXFileReference; explicitFileType = wrapper.application; includeInIndex = 0; path = NanoMouse.app; sourceTree = BUILT_PRODUCTS_DIR; };
		BBDF3CFBE2F14C0CB71387B5 /* PrivacyInfo.xcprivacy */ = {isa = PBXFileReference; lastKnownFileType = text.plist.xml; path = PrivacyInfo.xcprivacy; sourceTree = "<group>"; };
		BE50FA39906F3610B691F36F /* SchemaValueFormatter.swift */ = {isa = PBXFileReference; includeInIndex = 1; lastKnownFileType = sourcecode.swift; path = SchemaValueFormatter.swift; sourceTree = "<group>"; };
		C000CA9D296EA72600EC5323 /* HamsterKeyboardInputViewController.swift */ = {isa = PBXFileReference; lastKnownFileType = sourcecode.swift; path = HamsterKeyboardInputViewController.swift; sourceTree = "<group>"; };
		C00C26BB2B069D6900E92F89 /* boost_filesystem.xcframework */ = {isa = PBXFileReference; lastKnownFileType = wrapper.xcframework; path = boost_filesystem.xcframework; sourceTree = "<group>"; };
		C00C26BC2B069D6900E92F89 /* boost_regex.xcframework */ = {isa = PBXFileReference; lastKnownFileType = wrapper.xcframework; path = boost_regex.xcframework; sourceTree = "<group>"; };
		C00C26BD2B069D6900E92F89 /* boost_system.xcframework */ = {isa = PBXFileReference; lastKnownFileType = wrapper.xcframework; path = boost_system.xcframework; sourceTree = "<group>"; };
		C00C26BE2B069D6900E92F89 /* libglog.xcframework */ = {isa = PBXFileReference; lastKnownFileType = wrapper.xcframework; path = libglog.xcframework; sourceTree = "<group>"; };
		C00C26BF2B069D6900E92F89 /* libyaml-cpp.xcframework */ = {isa = PBXFileReference; lastKnownFileType = wrapper.xcframework; path = "libyaml-cpp.xcframework"; sourceTree = "<group>"; };
		C00C26C02B069D6A00E92F89 /* libleveldb.xcframework */ = {isa = PBXFileReference; lastKnownFileType = wrapper.xcframework; path = libleveldb.xcframework; sourceTree = "<group>"; };
		C00C26C32B069D6A00E92F89 /* libopencc.xcframework */ = {isa = PBXFileReference; lastKnownFileType = wrapper.xcframework; path = libopencc.xcframework; sourceTree = "<group>"; };
		C00C26C42B069D6A00E92F89 /* boost_locale.xcframework */ = {isa = PBXFileReference; lastKnownFileType = wrapper.xcframework; path = boost_locale.xcframework; sourceTree = "<group>"; };
		C00C26C52B069D6A00E92F89 /* libmarisa.xcframework */ = {isa = PBXFileReference; lastKnownFileType = wrapper.xcframework; path = libmarisa.xcframework; sourceTree = "<group>"; };
		C00C26C62B069D6A00E92F89 /* librime.xcframework */ = {isa = PBXFileReference; lastKnownFileType = wrapper.xcframework; path = librime.xcframework; sourceTree = "<group>"; };
		C00E006C2A1B6AFD00180F81 /* zh */ = {isa = PBXFileReference; lastKnownFileType = text.plist.strings; name = zh; path = zh.lproj/InfoPlist.strings; sourceTree = "<group>"; };
		C01396F92AB499CA0043674A /* RimeSyncIntent.swift */ = {isa = PBXFileReference; lastKnownFileType = sourcecode.swift; path = RimeSyncIntent.swift; sourceTree = "<group>"; };
		C01396FA2AB499CA0043674A /* RimeDeployIntent.swift */ = {isa = PBXFileReference; lastKnownFileType = sourcecode.swift; path = RimeDeployIntent.swift; sourceTree = "<group>"; };
		C02435932A0490220080CFB4 /* Assets.xcassets */ = {isa = PBXFileReference; lastKnownFileType = folder.assetcatalog; path = Assets.xcassets; sourceTree = "<group>"; };
		C02435952A0490220080CFB4 /* Preview Assets.xcassets */ = {isa = PBXFileReference; lastKnownFileType = folder.assetcatalog; path = "Preview Assets.xcassets"; sourceTree = "<group>"; };
		C02435962A0490220080CFB4 /* Hamster.entitlements */ = {isa = PBXFileReference; fileEncoding = 4; lastKnownFileType = text.plist.entitlements; path = Hamster.entitlements; sourceTree = "<group>"; };
		C02435972A0490220080CFB4 /* Info.plist */ = {isa = PBXFileReference; fileEncoding = 4; lastKnownFileType = text.plist.xml; path = Info.plist; sourceTree = "<group>"; };
		C02C4D972AC105CA00FF91BA /* IntentProvider.swift */ = {isa = PBXFileReference; lastKnownFileType = sourcecode.swift; path = IntentProvider.swift; sourceTree = "<group>"; };
		C03319D92A2DFEBB00CE4950 /* AppDelegete.swift */ = {isa = PBXFileReference; lastKnownFileType = sourcecode.swift; path = AppDelegete.swift; sourceTree = "<group>"; };
		C03319DB2A2DFEF700CE4950 /* SceneDelegate.swift */ = {isa = PBXFileReference; lastKnownFileType = sourcecode.swift; path = SceneDelegate.swift; sourceTree = "<group>"; };
		C03319E12A2E1BEA00CE4950 /* LaunchScreen.storyboard */ = {isa = PBXFileReference; lastKnownFileType = file.storyboard; path = LaunchScreen.storyboard; sourceTree = "<group>"; };
		C03E8025296D4F4C0083E53A /* Hamster.app */ = {isa = PBXFileReference; explicitFileType = wrapper.application; includeInIndex = 0; path = Hamster.app; sourceTree = BUILT_PRODUCTS_DIR; };
		C03E803C296D53650083E53A /* HamsterKeyboard.appex */ = {isa = PBXFileReference; explicitFileType = "wrapper.app-extension"; includeInIndex = 0; path = HamsterKeyboard.appex; sourceTree = BUILT_PRODUCTS_DIR; };
		C03E8040296D53650083E53A /* Info.plist */ = {isa = PBXFileReference; lastKnownFileType = text.plist.xml; path = Info.plist; sourceTree = "<group>"; };
		C03EC3A72B06670F00DB741E /* zh-Hans */ = {isa = PBXFileReference; lastKnownFileType = text.plist.strings; name = "zh-Hans"; path = "zh-Hans.lproj/InfoPlist.strings"; sourceTree = "<group>"; };
		C03EC3A92B06671600DB741E /* zh */ = {isa = PBXFileReference; lastKnownFileType = text.plist.strings; name = zh; path = zh.lproj/InfoPlist.strings; sourceTree = "<group>"; };
		C03EC3AA2B06671800DB741E /* zh-HK */ = {isa = PBXFileReference; lastKnownFileType = text.plist.strings; name = "zh-HK"; path = "zh-HK.lproj/InfoPlist.strings"; sourceTree = "<group>"; };
		C03EC3AB2B06671900DB741E /* zh-Hant */ = {isa = PBXFileReference; lastKnownFileType = text.plist.strings; name = "zh-Hant"; path = "zh-Hant.lproj/InfoPlist.strings"; sourceTree = "<group>"; };
		C03EC3AC2B06671A00DB741E /* en */ = {isa = PBXFileReference; lastKnownFileType = text.plist.strings; name = en; path = en.lproj/InfoPlist.strings; sourceTree = "<group>"; };
		F5BF14550DB746328F7D22DB /* ja */ = {isa = PBXFileReference; lastKnownFileType = text.plist.strings; name = ja; path = ja.lproj/InfoPlist.strings; sourceTree = "<group>"; };
		C071BECB2970072100E21FBC /* HamsterKeyboard.entitlements */ = {isa = PBXFileReference; lastKnownFileType = text.plist.entitlements; path = HamsterKeyboard.entitlements; sourceTree = "<group>"; };
		C071BECC2970072100E21FBC /* HamsterKeyboardDebug.entitlements */ = {isa = PBXFileReference; lastKnownFileType = text.plist.entitlements; path = HamsterKeyboardDebug.entitlements; sourceTree = "<group>"; };
		C08387F52A5589DF00EA8082 /* HamsteriOS */ = {isa = PBXFileReference; lastKnownFileType = wrapper; name = HamsteriOS; path = Packages/HamsteriOS; sourceTree = "<group>"; };
		C0C642842AC561180084147F /* ci_post_clone.sh */ = {isa = PBXFileReference; lastKnownFileType = text.script.sh; path = ci_post_clone.sh; sourceTree = "<group>"; };
		C0C7EAEE29E5A236008D4EE1 /* zh-Hans */ = {isa = PBXFileReference; lastKnownFileType = text.plist.strings; name = "zh-Hans"; path = "zh-Hans.lproj/InfoPlist.strings"; sourceTree = "<group>"; };
		C0C7EAF029E5A23A008D4EE1 /* zh-HK */ = {isa = PBXFileReference; lastKnownFileType = text.plist.strings; name = "zh-HK"; path = "zh-HK.lproj/InfoPlist.strings"; sourceTree = "<group>"; };
		C0C7EAF129E5A23B008D4EE1 /* zh-Hant */ = {isa = PBXFileReference; lastKnownFileType = text.plist.strings; name = "zh-Hant"; path = "zh-Hant.lproj/InfoPlist.strings"; sourceTree = "<group>"; };
		C0C7EAF229E5A23C008D4EE1 /* en */ = {isa = PBXFileReference; lastKnownFileType = text.plist.strings; name = en; path = en.lproj/InfoPlist.strings; sourceTree = "<group>"; };
		7C64D711041F46ACAF65C51E /* ja */ = {isa = PBXFileReference; lastKnownFileType = text.plist.strings; name = ja; path = ja.lproj/InfoPlist.strings; sourceTree = "<group>"; };
		C0C8B57E2A823BBF009972C1 /* HamsterKeyboardKit */ = {isa = PBXFileReference; lastKnownFileType = wrapper; name = HamsterKeyboardKit; path = Packages/HamsterKeyboardKit; sourceTree = "<group>"; };
		C0C9041C2A56412200AF3F15 /* hamster.yaml */ = {isa = PBXFileReference; lastKnownFileType = text.yaml; path = hamster.yaml; sourceTree = "<group>"; };
		C0D672B329F1E066002D0439 /* SharedSupport.zip */ = {isa = PBXFileReference; lastKnownFileType = archive.zip; path = SharedSupport.zip; sourceTree = "<group>"; };
		C0D856C92B0213E5003DB275 /* HamsterDebug.entitlements */ = {isa = PBXFileReference; lastKnownFileType = text.plist.entitlements; path = HamsterDebug.entitlements; sourceTree = "<group>"; };
		C0D856CA2B026FDA003DB275 /* rime-ice.zip */ = {isa = PBXFileReference; lastKnownFileType = archive.zip; path = "rime-ice.zip"; sourceTree = "<group>"; };
		C0DA3F412AFB5AE9003E74DA /* RimeDeployBackgroundIntent.swift */ = {isa = PBXFileReference; lastKnownFileType = sourcecode.swift; path = RimeDeployBackgroundIntent.swift; sourceTree = "<group>"; };
		DDE9904051275841118E6EC8 /* HotkeyRecorder.swift */ = {isa = PBXFileReference; includeInIndex = 1; lastKnownFileType = sourcecode.swift; path = HotkeyRecorder.swift; sourceTree = "<group>"; };
		E18CC0BE25F6AC0B272E39BD /* NanomouseSettingsView.swift */ = {isa = PBXFileReference; includeInIndex = 1; lastKnownFileType = sourcecode.swift; path = NanomouseSettingsView.swift; sourceTree = "<group>"; };
		E5B34C379075AD857F124ABB /* SCT.entitlements */ = {isa = PBXFileReference; includeInIndex = 1; lastKnownFileType = text.plist.entitlements; path = SCT.entitlements; sourceTree = "<group>"; };
		E9D226D38D63ADA8902EF4AF /* L10n.swift */ = {isa = PBXFileReference; includeInIndex = 1; lastKnownFileType = sourcecode.swift; path = L10n.swift; sourceTree = "<group>"; };
/* End PBXFileReference section */

/* Begin PBXFrameworksBuildPhase section */
		7A2604260000000000000009 /* Frameworks */ = {
			isa = PBXFrameworksBuildPhase;
			buildActionMask = 2147483647;
			files = (
			);
			runOnlyForDeploymentPostprocessing = 0;
		};
		7B2604260000000000001009 /* Frameworks */ = {
			isa = PBXFrameworksBuildPhase;
			buildActionMask = 2147483647;
			files = (
			);
			runOnlyForDeploymentPostprocessing = 0;
		};
		C03E8022296D4F4C0083E53A /* Frameworks */ = {
			isa = PBXFrameworksBuildPhase;
			buildActionMask = 2147483647;
			files = (
				C00C26C72B069D6A00E92F89 /* boost_filesystem.xcframework in Frameworks */,
				C00C26D62B069D6A00E92F89 /* libleveldb.xcframework in Frameworks */,
				C00C26D02B069D6A00E92F89 /* libglog.xcframework in Frameworks */,
				662EB88E2FAB498500DEAAFD /* StoreKit.framework in Frameworks */,
				C00C26D32B069D6A00E92F89 /* libyaml-cpp.xcframework in Frameworks */,
				C00C26E52B069D6A00E92F89 /* libmarisa.xcframework in Frameworks */,
				C00C26E22B069D6A00E92F89 /* boost_locale.xcframework in Frameworks */,
				6611EB4D2F15B8E2005608B9 /* icudata.xcframework in Frameworks */,
				6611EB4E2F15B8E2005608B9 /* icui18n.xcframework in Frameworks */,
				6611EB4F2F15B8E2005608B9 /* icuio.xcframework in Frameworks */,
				6611EB502F15B8E2005608B9 /* icuuc.xcframework in Frameworks */,
				C053ADC32A5D503200EA7EEE /* HamsteriOS in Frameworks */,
				C00C26CD2B069D6A00E92F89 /* boost_system.xcframework in Frameworks */,
				C00C26E82B069D6B00E92F89 /* librime.xcframework in Frameworks */,
				C00C26CA2B069D6A00E92F89 /* boost_regex.xcframework in Frameworks */,
				C00C26DF2B069D6A00E92F89 /* libopencc.xcframework in Frameworks */,
			);
			runOnlyForDeploymentPostprocessing = 0;
		};
		C03E8039296D53650083E53A /* Frameworks */ = {
			isa = PBXFrameworksBuildPhase;
			buildActionMask = 2147483647;
			files = (
				C00C26C82B069D6A00E92F89 /* boost_filesystem.xcframework in Frameworks */,
				C00C26D72B069D6A00E92F89 /* libleveldb.xcframework in Frameworks */,
				C00C26D12B069D6A00E92F89 /* libglog.xcframework in Frameworks */,
				C00C26D42B069D6A00E92F89 /* libyaml-cpp.xcframework in Frameworks */,
				C00C26E62B069D6B00E92F89 /* libmarisa.xcframework in Frameworks */,
				C00C26E32B069D6A00E92F89 /* boost_locale.xcframework in Frameworks */,
				6611EB492F15B8E2005608B9 /* icudata.xcframework in Frameworks */,
				6611EB4A2F15B8E2005608B9 /* icui18n.xcframework in Frameworks */,
				6611EB4B2F15B8E2005608B9 /* icuio.xcframework in Frameworks */,
				6611EB4C2F15B8E2005608B9 /* icuuc.xcframework in Frameworks */,
				C00C26B72B0698E300E92F89 /* HamsterKeyboardKit in Frameworks */,
				C00C26CE2B069D6A00E92F89 /* boost_system.xcframework in Frameworks */,
				C00C26E92B069D6B00E92F89 /* librime.xcframework in Frameworks */,
				C00C26CB2B069D6A00E92F89 /* boost_regex.xcframework in Frameworks */,
				C00C26E02B069D6A00E92F89 /* libopencc.xcframework in Frameworks */,
			);
			runOnlyForDeploymentPostprocessing = 0;
		};
		D288BC1A2E0B1EA6246540D7 /* Frameworks */ = {
			isa = PBXFrameworksBuildPhase;
			buildActionMask = 2147483647;
			files = (
				0F1A2B3C4D5E6F708192A3B4 /* NanomouseReviewKit in Frameworks */,
				93574C47469B70B73C84AC1E /* Cocoa.framework in Frameworks */,
				4E6A7E2E38D6AB8BC32C8422 /* EmbeddedModuleHostKit in Frameworks */,
				662EB8902FAB499100DEAAFD /* StoreKit.framework in Frameworks */,
				7434EF8D05A41F52DF8FD2A4 /* Yams in Frameworks */,
				1C727EEE95267F4EB56B27A8 /* MarkdownUI in Frameworks */,
			);
			runOnlyForDeploymentPostprocessing = 0;
		};
/* End PBXFrameworksBuildPhase section */

/* Begin PBXGroup section */
		18AFDF75770F5EBCB0D45C5F /* SCT */ = {
			isa = PBXGroup;
			children = (
				098632F7F01C6BA30216932A /* AccessRequestView.swift */,
				5334DA1ACA6D3D5704A02449 /* AdvancedSettingsView.swift */,
				A158829CDBB269B0462A19E6 /* Color+BGR.swift */,
				797F32A514B42D5B4A3AC869 /* ContentView.swift */,
				00F585BEDF9A7159AFBA1E2C /* EmbeddedModuleHost.swift */,
				2DCF4D820EA8488FE4668162 /* HelpView.swift */,
				DDE9904051275841118E6EC8 /* HotkeyRecorder.swift */,
				E9D226D38D63ADA8902EF4AF /* L10n.swift */,
				378B1CE6110676BF59B3F635 /* NanomousePreset.swift */,
				E18CC0BE25F6AC0B272E39BD /* NanomouseSettingsView.swift */,
				3736FB22F2A3E3D4343D7F61 /* RimeConfigManager+Nanomouse.swift */,
				803AE9BD4CBE5A038F1ACE74 /* RimeConfigManager.swift */,
				A220479952655DE4C296084E /* SCTApp.swift */,
				7A2604260000000000000010 /* ScreenshotSupport.swift */,
				4AA44318BFB9E757D7FD91C6 /* SchemaDrivenView.swift */,
				446EDB72FBFB6ADD6FD4CD17 /* SchemaStore.swift */,
				BE50FA39906F3610B691F36F /* SchemaValueFormatter.swift */,
				686C61A48062B8FFD03E5002 /* UpdaterViewModel.swift */,
				200105F3FF0CBB3C70788F08 /* Assets.xcassets */,
				034D1299E7F66EFEFF108E4C /* ConfigSchema.json */,
				33B32CEB35D0335627EDE72D /* Help.md */,
				A1B2C3D4E5F6012345678902 /* InfoPlist.strings */,
				8A0D10CD705986269D449012 /* Info.plist */,
				E5B34C379075AD857F124ABB /* SCT.entitlements */,
			);
			path = SCT;
			sourceTree = "<group>";
		};
		1A259C2DD04B63358176A1D8 /* gui */ = {
			isa = PBXGroup;
			children = (
				18AFDF75770F5EBCB0D45C5F /* SCT */,
				7B2604260000000000001010 /* SCTUITests */,
			);
			path = gui;
			sourceTree = "<group>";
		};
		43D10395DB4474F5F01C6387 /* mac */ = {
			isa = PBXGroup;
			children = (
				1A259C2DD04B63358176A1D8 /* gui */,
			);
			name = mac;
			path = ../mac;
			sourceTree = "<group>";
		};
		7A2604260000000000000001 /* HamsterUITests */ = {
			isa = PBXGroup;
			children = (
				7A2604260000000000000002 /* ScreenshotTests.swift */,
				7A2604260000000000000003 /* SnapshotHelper.swift */,
			);
			path = HamsterUITests;
			sourceTree = "<group>";
		};
		7B2604260000000000001010 /* SCTUITests */ = {
			isa = PBXGroup;
			children = (
				7B2604260000000000001002 /* ScreenshotTests.swift */,
				7B2604260000000000001003 /* SnapshotHelper.swift */,
			);
			path = SCTUITests;
			sourceTree = "<group>";
		};
		C00C26BA2B069D3500E92F89 /* Frameworks */ = {
			isa = PBXGroup;
			children = (
				662EB88F2FAB499100DEAAFD /* StoreKit.framework */,
				662EB88D2FAB498500DEAAFD /* StoreKit.framework */,
				6611EB452F15B8E2005608B9 /* icudata.xcframework */,
				6611EB462F15B8E2005608B9 /* icui18n.xcframework */,
				6611EB472F15B8E2005608B9 /* icuio.xcframework */,
				6611EB482F15B8E2005608B9 /* icuuc.xcframework */,
				C00C26BB2B069D6900E92F89 /* boost_filesystem.xcframework */,
				C00C26C42B069D6A00E92F89 /* boost_locale.xcframework */,
				C00C26BC2B069D6900E92F89 /* boost_regex.xcframework */,
				C00C26BD2B069D6900E92F89 /* boost_system.xcframework */,
				C00C26BE2B069D6900E92F89 /* libglog.xcframework */,
				C00C26C02B069D6A00E92F89 /* libleveldb.xcframework */,
				C00C26C52B069D6A00E92F89 /* libmarisa.xcframework */,
				C00C26C32B069D6A00E92F89 /* libopencc.xcframework */,
				C00C26C62B069D6A00E92F89 /* librime.xcframework */,
				C00C26BF2B069D6900E92F89 /* libyaml-cpp.xcframework */,
				F227DB2716BC6F034BDA0B95 /* OS X */,
			);
			path = Frameworks;
			sourceTree = "<group>";
		};
		C01396F62AB499CA0043674A /* Shortcuts */ = {
			isa = PBXGroup;
			children = (
				C01396F82AB499CA0043674A /* Actions */,
				C02C4D972AC105CA00FF91BA /* IntentProvider.swift */,
			);
			path = Shortcuts;
			sourceTree = "<group>";
		};
		C01396F82AB499CA0043674A /* Actions */ = {
			isa = PBXGroup;
			children = (
				C01396F92AB499CA0043674A /* RimeSyncIntent.swift */,
				C01396FA2AB499CA0043674A /* RimeDeployIntent.swift */,
				C0DA3F412AFB5AE9003E74DA /* RimeDeployBackgroundIntent.swift */,
			);
			path = Actions;
			sourceTree = "<group>";
		};
		C02435722A0490220080CFB4 /* Hamster */ = {
			isa = PBXGroup;
			children = (
				C02435972A0490220080CFB4 /* Info.plist */,
				BBDF3CFBE2F14C0CB71387B5 /* PrivacyInfo.xcprivacy */,
				C02435962A0490220080CFB4 /* Hamster.entitlements */,
				C0D856C92B0213E5003DB275 /* HamsterDebug.entitlements */,
				C01396F62AB499CA0043674A /* Shortcuts */,
				C08387EE2A55467900EA8082 /* Assets */,
				C03319D92A2DFEBB00CE4950 /* AppDelegete.swift */,
				C03319DB2A2DFEF700CE4950 /* SceneDelegate.swift */,
			);
			path = Hamster;
			sourceTree = "<group>";
		};
		C02435942A0490220080CFB4 /* Preview Content */ = {
			isa = PBXGroup;
			children = (
				C02435952A0490220080CFB4 /* Preview Assets.xcassets */,
			);
			path = "Preview Content";
			sourceTree = "<group>";
		};
		C03E801C296D4F4C0083E53A = {
			isa = PBXGroup;
			children = (
				C00C26BA2B069D3500E92F89 /* Frameworks */,
				C0C642812AC55E2E0084147F /* ci_scripts */,
				C02435722A0490220080CFB4 /* Hamster */,
				7A2604260000000000000001 /* HamsterUITests */,
				C03E803D296D53650083E53A /* HamsterKeyboard */,
				C08387E82A55101A00EA8082 /* Packages */,
				C071BECC2970108000E21FBC /* Resources */,
				C03E8026296D4F4C0083E53A /* Products */,
				43D10395DB4474F5F01C6387 /* mac */,
			);
			sourceTree = "<group>";
		};
		C03E8026296D4F4C0083E53A /* Products */ = {
			isa = PBXGroup;
			children = (
				C03E8025296D4F4C0083E53A /* Hamster.app */,
				7A2604260000000000000004 /* HamsterUITests.xctest */,
				7B2604260000000000001004 /* SCTUITests.xctest */,
				C03E803C296D53650083E53A /* HamsterKeyboard.appex */,
				B8525A8107843174DE7A518A /* NanoMouse.app */,
			);
			name = Products;
			sourceTree = "<group>";
		};
		C03E803D296D53650083E53A /* HamsterKeyboard */ = {
			isa = PBXGroup;
			children = (
				C071BECB2970072100E21FBC /* HamsterKeyboard.entitlements */,
				C071BECC2970072100E21FBC /* HamsterKeyboardDebug.entitlements */,
				C03E8040296D53650083E53A /* Info.plist */,
				113985FB3C0048FD8C73DAE8 /* PrivacyInfo.xcprivacy */,
				C000CA9D296EA72600EC5323 /* HamsterKeyboardInputViewController.swift */,
				C03EC3A82B06670F00DB741E /* InfoPlist.strings */,
			);
			path = HamsterKeyboard;
			sourceTree = "<group>";
		};
		C071BECC2970108000E21FBC /* Resources */ = {
			isa = PBXGroup;
			children = (
				C0D671B029F16D76002D0439 /* SharedSupport */,
				C0C7EAEF29E5A236008D4EE1 /* InfoPlist.strings */,
			);
			path = Resources;
			sourceTree = "<group>";
		};
		C08387E82A55101A00EA8082 /* Packages */ = {
			isa = PBXGroup;
			children = (
				C08387F52A5589DF00EA8082 /* HamsteriOS */,
				C0C8B57E2A823BBF009972C1 /* HamsterKeyboardKit */,
			);
			name = Packages;
			sourceTree = "<group>";
		};
		C08387EE2A55467900EA8082 /* Assets */ = {
			isa = PBXGroup;
			children = (
				C03319E12A2E1BEA00CE4950 /* LaunchScreen.storyboard */,
				C02435932A0490220080CFB4 /* Assets.xcassets */,
				C02435942A0490220080CFB4 /* Preview Content */,
			);
			path = Assets;
			sourceTree = "<group>";
		};
		C0C642812AC55E2E0084147F /* ci_scripts */ = {
			isa = PBXGroup;
			children = (
				C0C642842AC561180084147F /* ci_post_clone.sh */,
			);
			path = ci_scripts;
			sourceTree = "<group>";
		};
		C0D671B029F16D76002D0439 /* SharedSupport */ = {
			isa = PBXGroup;
			children = (
				C0D856CA2B026FDA003DB275 /* rime-ice.zip */,
				C0C9041C2A56412200AF3F15 /* hamster.yaml */,
				C0D672B329F1E066002D0439 /* SharedSupport.zip */,
			);
			path = SharedSupport;
			sourceTree = "<group>";
		};
		F227DB2716BC6F034BDA0B95 /* OS X */ = {
			isa = PBXGroup;
			children = (
				140AD60148CD771E40791AA0 /* Cocoa.framework */,
			);
			name = "OS X";
			sourceTree = "<group>";
		};
/* End PBXGroup section */

/* Begin PBXNativeTarget section */
		034DB19F16BC2B6AF3641873 /* SCT */ = {
			isa = PBXNativeTarget;
			buildConfigurationList = 094F322568D2828418D9788B /* Build configuration list for PBXNativeTarget "SCT" */;
			buildPhases = (
				F56E6246A79D1C14864453B7 /* Sources */,
				D288BC1A2E0B1EA6246540D7 /* Frameworks */,
				5D3832E36C966D002944B2B1 /* Resources */,
			);
			buildRules = (
			);
			dependencies = (
			);
			name = SCT;
			packageProductDependencies = (
				FB98E1496AA21223BE88E23F /* EmbeddedModuleHostKit */,
				0F1A2B3C4D5E6F708192A3B5 /* NanomouseReviewKit */,
				A583BF6DB266C2092B020A23 /* Yams */,
				86A69570B6A620619716F664 /* MarkdownUI */,
			);
			productName = NanoMouse;
			productReference = B8525A8107843174DE7A518A /* NanoMouse.app */;
			productType = "com.apple.product-type.application";
		};
		7A2604260000000000000007 /* HamsterUITests */ = {
			isa = PBXNativeTarget;
			buildConfigurationList = 7A260426000000000000000D /* Build configuration list for PBXNativeTarget "HamsterUITests" */;
			buildPhases = (
				7A2604260000000000000008 /* Sources */,
				7A2604260000000000000009 /* Frameworks */,
				7A260426000000000000000A /* Resources */,
			);
			buildRules = (
			);
			dependencies = (
			);
			name = HamsterUITests;
			packageProductDependencies = (
			);
			productName = HamsterUITests;
			productReference = 7A2604260000000000000004 /* HamsterUITests.xctest */;
			productType = "com.apple.product-type.bundle.ui-testing";
		};
		7B2604260000000000001007 /* SCTUITests */ = {
			isa = PBXNativeTarget;
			buildConfigurationList = 7B260426000000000000100D /* Build configuration list for PBXNativeTarget "SCTUITests" */;
			buildPhases = (
				7B2604260000000000001008 /* Sources */,
				7B2604260000000000001009 /* Frameworks */,
				7B260426000000000000100A /* Resources */,
			);
			buildRules = (
			);
			dependencies = (
				7B260426000000000000100C /* PBXTargetDependency */,
			);
			name = SCTUITests;
			packageProductDependencies = (
			);
			productName = SCTUITests;
			productReference = 7B2604260000000000001004 /* SCTUITests.xctest */;
			productType = "com.apple.product-type.bundle.ui-testing";
		};
		C03E8024296D4F4C0083E53A /* Hamster */ = {
			isa = PBXNativeTarget;
			buildConfigurationList = C03E8033296D4F4D0083E53A /* Build configuration list for PBXNativeTarget "Hamster" */;
			buildPhases = (
				C03E8021296D4F4C0083E53A /* Sources */,
				C03E8022296D4F4C0083E53A /* Frameworks */,
				C0AC2E61299F743E00BC494C /* Resources */,
				C071BF712970126C00E21FBC /* Copy Rime SharedSupport */,
				C03EC39D2B06491E00DB741E /* Embed Foundation Extensions */,
			);
			buildRules = (
			);
			dependencies = (
				C03EC39C2B06491E00DB741E /* PBXTargetDependency */,
			);
			name = Hamster;
			packageProductDependencies = (
				C053ADC22A5D503200EA7EEE /* HamsteriOS */,
			);
			productName = Hamster;
			productReference = C03E8025296D4F4C0083E53A /* Hamster.app */;
			productType = "com.apple.product-type.application";
		};
		C03E803B296D53650083E53A /* HamsterKeyboard */ = {
			isa = PBXNativeTarget;
			buildConfigurationList = C03E8044296D53650083E53A /* Build configuration list for PBXNativeTarget "HamsterKeyboard" */;
			buildPhases = (
				C03E8038296D53650083E53A /* Sources */,
				C03E8039296D53650083E53A /* Frameworks */,
				C03E803A296D53650083E53A /* Resources */,
			);
			buildRules = (
			);
			dependencies = (
			);
			name = HamsterKeyboard;
			packageProductDependencies = (
				C00C26B62B0698E300E92F89 /* HamsterKeyboardKit */,
			);
			productName = HamsterKeyboard;
			productReference = C03E803C296D53650083E53A /* HamsterKeyboard.appex */;
			productType = "com.apple.product-type.app-extension";
		};
/* End PBXNativeTarget section */

/* Begin PBXProject section */
		C03E801D296D4F4C0083E53A /* Project object */ = {
			isa = PBXProject;
			attributes = {
				BuildIndependentTargetsInParallel = 1;
				LastSwiftUpdateCheck = 1500;
				LastUpgradeCheck = 1500;
				TargetAttributes = {
					7A2604260000000000000007 = {
						CreatedOnToolsVersion = 15.0;
						TestTargetID = C03E8024296D4F4C0083E53A;
					};
					7B2604260000000000001007 = {
						CreatedOnToolsVersion = 16.2;
						TestTargetID = 034DB19F16BC2B6AF3641873;
					};
					C03E8024296D4F4C0083E53A = {
						CreatedOnToolsVersion = 14.2;
					};
					C03E803B296D53650083E53A = {
						CreatedOnToolsVersion = 14.2;
						LastSwiftMigration = 1420;
					};
				};
			};
			buildConfigurationList = C03E8020296D4F4C0083E53A /* Build configuration list for PBXProject "Hamster" */;
			compatibilityVersion = "Xcode 14.0";
			developmentRegion = "zh-Hans";
			hasScannedForEncodings = 0;
			knownRegions = (
				en,
				ja,
				"zh-Hans",
				"zh-HK",
				"zh-Hant",
				Base,
				zh,
			);
			mainGroup = C03E801C296D4F4C0083E53A;
			packageReferences = (
				3181DBEA0F47713243CEC55F /* XCLocalSwiftPackageReference "../mac/Packages/EmbeddedModuleHostKit" */,
				0F1A2B3C4D5E6F708192A3B6 /* XCLocalSwiftPackageReference "../shared/NanomouseReviewKit" */,
				705D517CFE924CB240C3044D /* XCLocalSwiftPackageReference "../.private/vendor/Yams" */,
				65D1E028EB1D6CAC9B1541E3 /* XCRemoteSwiftPackageReference "swift-markdown-ui" */,
			);
			productRefGroup = C03E8026296D4F4C0083E53A /* Products */;
			projectDirPath = "";
			projectRoot = "";
			targets = (
				C03E8024296D4F4C0083E53A /* Hamster */,
				7A2604260000000000000007 /* HamsterUITests */,
				C03E803B296D53650083E53A /* HamsterKeyboard */,
				034DB19F16BC2B6AF3641873 /* SCT */,
				7B2604260000000000001007 /* SCTUITests */,
			);
		};
/* End PBXProject section */

/* Begin PBXResourcesBuildPhase section */
		5D3832E36C966D002944B2B1 /* Resources */ = {
			isa = PBXResourcesBuildPhase;
			buildActionMask = 2147483647;
			files = (
				CAB4CF2795F7E8CF88CD1580 /* Assets.xcassets in Resources */,
				0EA611C70791CEA8A10EB67F /* ConfigSchema.json in Resources */,
				953C7FAB4F9E5F4305BA83AD /* Help.md in Resources */,
				A1B2C3D4E5F6012345678901 /* InfoPlist.strings in Resources */,
			);
			runOnlyForDeploymentPostprocessing = 0;
		};
		7A260426000000000000000A /* Resources */ = {
			isa = PBXResourcesBuildPhase;
			buildActionMask = 2147483647;
			files = (
			);
			runOnlyForDeploymentPostprocessing = 0;
		};
		7B260426000000000000100A /* Resources */ = {
			isa = PBXResourcesBuildPhase;
			buildActionMask = 2147483647;
			files = (
			);
			runOnlyForDeploymentPostprocessing = 0;
		};
		C03E803A296D53650083E53A /* Resources */ = {
			isa = PBXResourcesBuildPhase;
			buildActionMask = 2147483647;
			files = (
				C09F6AF72A07FB3900F2EF18 /* Assets.xcassets in Resources */,
				C03EC3A62B06670F00DB741E /* InfoPlist.strings in Resources */,
				7F8A4A613CFB41CF894B7DF9 /* PrivacyInfo.xcprivacy in Resources */,
			);
			runOnlyForDeploymentPostprocessing = 0;
		};
		C0AC2E61299F743E00BC494C /* Resources */ = {
			isa = PBXResourcesBuildPhase;
			buildActionMask = 2147483647;
			files = (
				6611EB412F0ECE25005608B9 /* hamster.yaml in Resources */,
				C02435B52A0490230080CFB4 /* Preview Assets.xcassets in Resources */,
				C03319E22A2E1BEA00CE4950 /* LaunchScreen.storyboard in Resources */,
				C02435B42A0490230080CFB4 /* Assets.xcassets in Resources */,
				C0C7EAEC29E5A236008D4EE1 /* InfoPlist.strings in Resources */,
				4A438822FEFD4E6892DBDFC0 /* PrivacyInfo.xcprivacy in Resources */,
			);
			runOnlyForDeploymentPostprocessing = 0;
		};
/* End PBXResourcesBuildPhase section */

/* Begin PBXSourcesBuildPhase section */
		7A2604260000000000000008 /* Sources */ = {
			isa = PBXSourcesBuildPhase;
			buildActionMask = 2147483647;
			files = (
				7A2604260000000000000005 /* ScreenshotTests.swift in Sources */,
				7A2604260000000000000006 /* SnapshotHelper.swift in Sources */,
			);
			runOnlyForDeploymentPostprocessing = 0;
		};
		7B2604260000000000001008 /* Sources */ = {
			isa = PBXSourcesBuildPhase;
			buildActionMask = 2147483647;
			files = (
				7B2604260000000000001005 /* ScreenshotTests.swift in Sources */,
				7B2604260000000000001006 /* SnapshotHelper.swift in Sources */,
			);
			runOnlyForDeploymentPostprocessing = 0;
		};
		C03E8021296D4F4C0083E53A /* Sources */ = {
			isa = PBXSourcesBuildPhase;
			buildActionMask = 2147483647;
			files = (
				C01396FC2AB499D80043674A /* RimeSyncIntent.swift in Sources */,
				C01396FD2AB499D80043674A /* RimeDeployIntent.swift in Sources */,
				C0DA3F422AFB5AE9003E74DA /* RimeDeployBackgroundIntent.swift in Sources */,
				C03319DC2A2DFEF700CE4950 /* SceneDelegate.swift in Sources */,
				C03319DA2A2DFEBB00CE4950 /* AppDelegete.swift in Sources */,
				C02C4D982AC105CA00FF91BA /* IntentProvider.swift in Sources */,
			);
			runOnlyForDeploymentPostprocessing = 0;
		};
		C03E8038296D53650083E53A /* Sources */ = {
			isa = PBXSourcesBuildPhase;
			buildActionMask = 2147483647;
			files = (
				C0A602B32A185D88000DC924 /* HamsterKeyboardInputViewController.swift in Sources */,
			);
			runOnlyForDeploymentPostprocessing = 0;
		};
		F56E6246A79D1C14864453B7 /* Sources */ = {
			isa = PBXSourcesBuildPhase;
			buildActionMask = 2147483647;
			files = (
				8BD9CC0A7BF1DD566E3C31C8 /* AccessRequestView.swift in Sources */,
				601F27ACEF702E0436559FEF /* AdvancedSettingsView.swift in Sources */,
				9920617D13E2FE5C1EFB6A1D /* Color+BGR.swift in Sources */,
				6EEB847DF307BC5D9D7BAAA6 /* ContentView.swift in Sources */,
				80B7B9768052F3128A75BDE1 /* EmbeddedModuleHost.swift in Sources */,
				F4820B196B5346C12F89C37C /* HelpView.swift in Sources */,
				282C1F4DD89D7255EA115E05 /* HotkeyRecorder.swift in Sources */,
				F7599F37E25BEE271D85317D /* L10n.swift in Sources */,
				5DF9BD59DBF42A89ADE3C73B /* NanomousePreset.swift in Sources */,
				98BC9BBF3E85E5DDE9E869EB /* NanomouseSettingsView.swift in Sources */,
				ACA046B79F6CFD2C14D4155B /* RimeConfigManager+Nanomouse.swift in Sources */,
				000AD9A7B8B7BF183239A494 /* RimeConfigManager.swift in Sources */,
				5E84D052531658EAD03801D6 /* SCTApp.swift in Sources */,
				7A2604260000000000000011 /* ScreenshotSupport.swift in Sources */,
				7D71B6C4B55F2CEBF9C7B6C6 /* SchemaDrivenView.swift in Sources */,
				BF2D8D9467CD35CFFACF092D /* SchemaStore.swift in Sources */,
				C3406F9822F77479D5C35195 /* SchemaValueFormatter.swift in Sources */,
				83A5021DE0E16A835C24D109 /* UpdaterViewModel.swift in Sources */,
			);
			runOnlyForDeploymentPostprocessing = 0;
		};
/* End PBXSourcesBuildPhase section */

/* Begin PBXTargetDependency section */
		7B260426000000000000100C /* PBXTargetDependency */ = {
			isa = PBXTargetDependency;
			target = 034DB19F16BC2B6AF3641873 /* SCT */;
			targetProxy = 7B260426000000000000100B /* PBXContainerItemProxy */;
		};
		C03EC39C2B06491E00DB741E /* PBXTargetDependency */ = {
			isa = PBXTargetDependency;
			target = C03E803B296D53650083E53A /* HamsterKeyboard */;
			targetProxy = C03EC39B2B06491E00DB741E /* PBXContainerItemProxy */;
		};
/* End PBXTargetDependency section */

/* Begin PBXVariantGroup section */
		A1B2C3D4E5F6012345678902 /* InfoPlist.strings */ = {
			isa = PBXVariantGroup;
			children = (
				A1B2C3D4E5F6012345678903 /* en */,
				A1B2C3D4E5F6012345678904 /* ja */,
				A1B2C3D4E5F6012345678905 /* zh-Hans */,
				A1B2C3D4E5F6012345678906 /* zh-HK */,
				A1B2C3D4E5F6012345678907 /* zh-Hant */,
				A1B2C3D4E5F6012345678908 /* zh */,
			);
			name = InfoPlist.strings;
			sourceTree = "<group>";
		};
		C03EC3A82B06670F00DB741E /* InfoPlist.strings */ = {
			isa = PBXVariantGroup;
			children = (
				C03EC3A72B06670F00DB741E /* zh-Hans */,
				C03EC3A92B06671600DB741E /* zh */,
				C03EC3AA2B06671800DB741E /* zh-HK */,
				C03EC3AB2B06671900DB741E /* zh-Hant */,
				C03EC3AC2B06671A00DB741E /* en */,
				F5BF14550DB746328F7D22DB /* ja */,
			);
			name = InfoPlist.strings;
			sourceTree = "<group>";
		};
		C0C7EAEF29E5A236008D4EE1 /* InfoPlist.strings */ = {
			isa = PBXVariantGroup;
			children = (
				C0C7EAEE29E5A236008D4EE1 /* zh-Hans */,
				C0C7EAF029E5A23A008D4EE1 /* zh-HK */,
				C0C7EAF129E5A23B008D4EE1 /* zh-Hant */,
				C0C7EAF229E5A23C008D4EE1 /* en */,
				C00E006C2A1B6AFD00180F81 /* zh */,
				7C64D711041F46ACAF65C51E /* ja */,
			);
			name = InfoPlist.strings;
			sourceTree = "<group>";
		};
/* End PBXVariantGroup section */

/* Begin XCBuildConfiguration section */
		7A260426000000000000000B /* Debug */ = {
			isa = XCBuildConfiguration;
			buildSettings = {
				ALWAYS_EMBED_SWIFT_STANDARD_LIBRARIES = YES;
				CODE_SIGN_STYLE = Automatic;
				CURRENT_PROJECT_VERSION = 1;
				DEVELOPMENT_TEAM = BG5QAG9M95;
				GENERATE_INFOPLIST_FILE = YES;
				IPHONEOS_DEPLOYMENT_TARGET = 16.0;
				MARKETING_VERSION = 1.0;
				PRODUCT_BUNDLE_IDENTIFIER = com.XiangqingZHANG.nanomouseUITests;
				PRODUCT_NAME = "$(TARGET_NAME)";
				SDKROOT = iphoneos;
				SKIP_INSTALL = YES;
				SUPPORTED_PLATFORMS = "iphoneos iphonesimulator";
				SWIFT_OPTIMIZATION_LEVEL = "-Onone";
				SWIFT_VERSION = 5.0;
				TARGETED_DEVICE_FAMILY = "1,2";
				TEST_TARGET_NAME = Hamster;
			};
			name = Debug;
		};
		7A260426000000000000000C /* Release */ = {
			isa = XCBuildConfiguration;
			buildSettings = {
				ALWAYS_EMBED_SWIFT_STANDARD_LIBRARIES = YES;
				CODE_SIGN_STYLE = Automatic;
				CURRENT_PROJECT_VERSION = 1;
				DEVELOPMENT_TEAM = BG5QAG9M95;
				GENERATE_INFOPLIST_FILE = YES;
				IPHONEOS_DEPLOYMENT_TARGET = 16.0;
				MARKETING_VERSION = 1.0;
				PRODUCT_BUNDLE_IDENTIFIER = com.XiangqingZHANG.nanomouseUITests;
				PRODUCT_NAME = "$(TARGET_NAME)";
				SDKROOT = iphoneos;
				SKIP_INSTALL = YES;
				SUPPORTED_PLATFORMS = "iphoneos iphonesimulator";
				SWIFT_VERSION = 5.0;
				TARGETED_DEVICE_FAMILY = "1,2";
				TEST_TARGET_NAME = Hamster;
			};
			name = Release;
		};
		7B260426000000000000100E /* Debug */ = {
			isa = XCBuildConfiguration;
			buildSettings = {
				ALWAYS_EMBED_SWIFT_STANDARD_LIBRARIES = YES;
				CODE_SIGN_ENTITLEMENTS = ../mac/gui/SCTUITests/SCTUITests.entitlements;
				CODE_SIGN_STYLE = Automatic;
				CURRENT_PROJECT_VERSION = 1;
				DEVELOPMENT_TEAM = BG5QAG9M95;
				GENERATE_INFOPLIST_FILE = YES;
				MACOSX_DEPLOYMENT_TARGET = 14.6;
				MARKETING_VERSION = 1.0;
				PRODUCT_BUNDLE_IDENTIFIER = com.XiangqingZHANG.nanomouse.macUITests;
				PRODUCT_NAME = "$(TARGET_NAME)";
				SDKROOT = macosx;
				SKIP_INSTALL = YES;
				SUPPORTED_PLATFORMS = macosx;
				SWIFT_OPTIMIZATION_LEVEL = "-Onone";
				SWIFT_VERSION = 5.0;
				TEST_TARGET_NAME = SCT;
			};
			name = Debug;
		};
		7B260426000000000000100F /* Release */ = {
			isa = XCBuildConfiguration;
			buildSettings = {
				ALWAYS_EMBED_SWIFT_STANDARD_LIBRARIES = YES;
				CODE_SIGN_ENTITLEMENTS = ../mac/gui/SCTUITests/SCTUITests.entitlements;
				CODE_SIGN_STYLE = Automatic;
				CURRENT_PROJECT_VERSION = 1;
				DEVELOPMENT_TEAM = BG5QAG9M95;
				GENERATE_INFOPLIST_FILE = YES;
				MACOSX_DEPLOYMENT_TARGET = 14.6;
				MARKETING_VERSION = 1.0;
				PRODUCT_BUNDLE_IDENTIFIER = com.XiangqingZHANG.nanomouse.macUITests;
				PRODUCT_NAME = "$(TARGET_NAME)";
				SDKROOT = macosx;
				SKIP_INSTALL = YES;
				SUPPORTED_PLATFORMS = macosx;
				SWIFT_VERSION = 5.0;
				TEST_TARGET_NAME = SCT;
			};
			name = Release;
		};
		C03E8031296D4F4D0083E53A /* Debug */ = {
			isa = XCBuildConfiguration;
			buildSettings = {
				ALWAYS_SEARCH_USER_PATHS = NO;
				ASSETCATALOG_COMPILER_GENERATE_SWIFT_ASSET_SYMBOL_EXTENSIONS = YES;
				CLANG_ANALYZER_LOCALIZABILITY_NONLOCALIZED = YES;
				CLANG_ANALYZER_NONNULL = YES;
				CLANG_ANALYZER_NUMBER_OBJECT_CONVERSION = YES_AGGRESSIVE;
				CLANG_CXX_LANGUAGE_STANDARD = "gnu++20";
				CLANG_ENABLE_MODULES = YES;
				CLANG_ENABLE_OBJC_ARC = YES;
				CLANG_ENABLE_OBJC_WEAK = YES;
				CLANG_WARN_BLOCK_CAPTURE_AUTORELEASING = YES;
				CLANG_WARN_BOOL_CONVERSION = YES;
				CLANG_WARN_COMMA = YES;
				CLANG_WARN_CONSTANT_CONVERSION = YES;
				CLANG_WARN_DEPRECATED_OBJC_IMPLEMENTATIONS = YES;
				CLANG_WARN_DIRECT_OBJC_ISA_USAGE = YES_ERROR;
				CLANG_WARN_DOCUMENTATION_COMMENTS = YES;
				CLANG_WARN_EMPTY_BODY = YES;
				CLANG_WARN_ENUM_CONVERSION = YES;
				CLANG_WARN_INFINITE_RECURSION = YES;
				CLANG_WARN_INT_CONVERSION = YES;
				CLANG_WARN_NON_LITERAL_NULL_CONVERSION = YES;
				CLANG_WARN_OBJC_IMPLICIT_RETAIN_SELF = YES;
				CLANG_WARN_OBJC_LITERAL_CONVERSION = YES;
				CLANG_WARN_OBJC_ROOT_CLASS = YES_ERROR;
				CLANG_WARN_QUOTED_INCLUDE_IN_FRAMEWORK_HEADER = YES;
				CLANG_WARN_RANGE_LOOP_ANALYSIS = YES;
				CLANG_WARN_STRICT_PROTOTYPES = YES;
				CLANG_WARN_SUSPICIOUS_MOVE = YES;
				CLANG_WARN_UNGUARDED_AVAILABILITY = YES_AGGRESSIVE;
				CLANG_WARN_UNREACHABLE_CODE = YES;
				CLANG_WARN__DUPLICATE_METHOD_MATCH = YES;
				COPY_PHASE_STRIP = NO;
				DEBUG_INFORMATION_FORMAT = dwarf;
				ENABLE_STRICT_OBJC_MSGSEND = YES;
				ENABLE_TESTABILITY = YES;
				ENABLE_USER_SCRIPT_SANDBOXING = YES;
				GCC_C_LANGUAGE_STANDARD = gnu11;
				GCC_DYNAMIC_NO_PIC = NO;
				GCC_NO_COMMON_BLOCKS = YES;
				GCC_OPTIMIZATION_LEVEL = 0;
				GCC_PREPROCESSOR_DEFINITIONS = (
					"DEBUG=1",
					"$(inherited)",
				);
				GCC_WARN_64_TO_32_BIT_CONVERSION = YES;
				GCC_WARN_ABOUT_RETURN_TYPE = YES_ERROR;
				GCC_WARN_UNDECLARED_SELECTOR = YES;
				GCC_WARN_UNINITIALIZED_AUTOS = YES_AGGRESSIVE;
				GCC_WARN_UNUSED_FUNCTION = YES;
				GCC_WARN_UNUSED_VARIABLE = YES;
				IPHONEOS_DEPLOYMENT_TARGET = 16.0;
				MTL_ENABLE_DEBUG_INFO = INCLUDE_SOURCE;
				MTL_FAST_MATH = YES;
				ONLY_ACTIVE_ARCH = YES;
				OTHER_LDFLAGS = (
					"-Xlinker",
					"-interposable",
				);
				SDKROOT = iphoneos;
				SWIFT_ACTIVE_COMPILATION_CONDITIONS = DEBUG;
				SWIFT_OPTIMIZATION_LEVEL = "-Onone";
			};
			name = Debug;
		};
		C03E8032296D4F4D0083E53A /* Release */ = {
			isa = XCBuildConfiguration;
			buildSettings = {
				ALWAYS_SEARCH_USER_PATHS = NO;
				ASSETCATALOG_COMPILER_GENERATE_SWIFT_ASSET_SYMBOL_EXTENSIONS = YES;
				CLANG_ANALYZER_LOCALIZABILITY_NONLOCALIZED = YES;
				CLANG_ANALYZER_NONNULL = YES;
				CLANG_ANALYZER_NUMBER_OBJECT_CONVERSION = YES_AGGRESSIVE;
				CLANG_CXX_LANGUAGE_STANDARD = "gnu++20";
				CLANG_ENABLE_MODULES = YES;
				CLANG_ENABLE_OBJC_ARC = YES;
				CLANG_ENABLE_OBJC_WEAK = YES;
				CLANG_WARN_BLOCK_CAPTURE_AUTORELEASING = YES;
				CLANG_WARN_BOOL_CONVERSION = YES;
				CLANG_WARN_COMMA = YES;
				CLANG_WARN_CONSTANT_CONVERSION = YES;
				CLANG_WARN_DEPRECATED_OBJC_IMPLEMENTATIONS = YES;
				CLANG_WARN_DIRECT_OBJC_ISA_USAGE = YES_ERROR;
				CLANG_WARN_DOCUMENTATION_COMMENTS = YES;
				CLANG_WARN_EMPTY_BODY = YES;
				CLANG_WARN_ENUM_CONVERSION = YES;
				CLANG_WARN_INFINITE_RECURSION = YES;
				CLANG_WARN_INT_CONVERSION = YES;
				CLANG_WARN_NON_LITERAL_NULL_CONVERSION = YES;
				CLANG_WARN_OBJC_IMPLICIT_RETAIN_SELF = YES;
				CLANG_WARN_OBJC_LITERAL_CONVERSION = YES;
				CLANG_WARN_OBJC_ROOT_CLASS = YES_ERROR;
				CLANG_WARN_QUOTED_INCLUDE_IN_FRAMEWORK_HEADER = YES;
				CLANG_WARN_RANGE_LOOP_ANALYSIS = YES;
				CLANG_WARN_STRICT_PROTOTYPES = YES;
				CLANG_WARN_SUSPICIOUS_MOVE = YES;
				CLANG_WARN_UNGUARDED_AVAILABILITY = YES_AGGRESSIVE;
				CLANG_WARN_UNREACHABLE_CODE = YES;
				CLANG_WARN__DUPLICATE_METHOD_MATCH = YES;
				COPY_PHASE_STRIP = NO;
				DEBUG_INFORMATION_FORMAT = "dwarf-with-dsym";
				ENABLE_NS_ASSERTIONS = NO;
				ENABLE_STRICT_OBJC_MSGSEND = YES;
				ENABLE_USER_SCRIPT_SANDBOXING = YES;
				GCC_C_LANGUAGE_STANDARD = gnu11;
				GCC_NO_COMMON_BLOCKS = YES;
				GCC_WARN_64_TO_32_BIT_CONVERSION = YES;
				GCC_WARN_ABOUT_RETURN_TYPE = YES_ERROR;
				GCC_WARN_UNDECLARED_SELECTOR = YES;
				GCC_WARN_UNINITIALIZED_AUTOS = YES_AGGRESSIVE;
				GCC_WARN_UNUSED_FUNCTION = YES;
				GCC_WARN_UNUSED_VARIABLE = YES;
				IPHONEOS_DEPLOYMENT_TARGET = 16.0;
				MTL_ENABLE_DEBUG_INFO = NO;
				MTL_FAST_MATH = YES;
				ONLY_ACTIVE_ARCH = YES;
				OTHER_LDFLAGS = (
					"-Xlinker",
					"-interposable",
				);
				SDKROOT = iphoneos;
				SWIFT_COMPILATION_MODE = wholemodule;
				SWIFT_OPTIMIZATION_LEVEL = "-O";
				VALIDATE_PRODUCT = YES;
			};
			name = Release;
		};
		C03E8034296D4F4D0083E53A /* Debug */ = {
			isa = XCBuildConfiguration;
			buildSettings = {
				ALWAYS_EMBED_SWIFT_STANDARD_LIBRARIES = YES;
				ASSETCATALOG_COMPILER_APPICON_NAME = AppIcon;
				ASSETCATALOG_COMPILER_GLOBAL_ACCENT_COLOR_NAME = AccentColor;
				CODE_SIGN_ENTITLEMENTS = Hamster/HamsterDebug.entitlements;
				CODE_SIGN_STYLE = Automatic;
				CURRENT_PROJECT_VERSION = 1;
				DEVELOPMENT_ASSET_PATHS = "\"Hamster/Assets/Preview Content\"";
				DEVELOPMENT_TEAM = BG5QAG9M95;
				ENABLE_BITCODE = NO;
				ENABLE_PREVIEWS = YES;
				GENERATE_INFOPLIST_FILE = YES;
				INFOPLIST_FILE = Hamster/Info.plist;
				INFOPLIST_KEY_CFBundleDisplayName = NanoMouse;
				INFOPLIST_KEY_LSApplicationCategoryType = "public.app-category.utilities";
				INFOPLIST_KEY_LSSupportsOpeningDocumentsInPlace = YES;
				INFOPLIST_KEY_NSHumanReadableCopyright = "";
				INFOPLIST_KEY_UIApplicationSupportsIndirectInputEvents = YES;
				INFOPLIST_KEY_UILaunchStoryboardName = LaunchScreen;
				INFOPLIST_KEY_UIRequiresFullScreen = NO;
				INFOPLIST_KEY_UISupportedInterfaceOrientations = "UIInterfaceOrientationLandscapeLeft UIInterfaceOrientationLandscapeRight UIInterfaceOrientationPortrait";
				INFOPLIST_KEY_UISupportedInterfaceOrientations_iPad = "UIInterfaceOrientationLandscapeLeft UIInterfaceOrientationLandscapeRight UIInterfaceOrientationPortrait UIInterfaceOrientationPortraitUpsideDown";
				INFOPLIST_KEY_UISupportsDocumentBrowser = YES;
				IPHONEOS_DEPLOYMENT_TARGET = 16.0;
				LD_RUNPATH_SEARCH_PATHS = (
					"$(inherited)",
					"@executable_path/Frameworks",
				);
				MARKETING_VERSION = 3.1;
				OTHER_LDFLAGS = "";
				OTHER_SWIFT_FLAGS = "$(inherited) -cxx-interoperability-mode=default";
				PRODUCT_BUNDLE_IDENTIFIER = com.XiangqingZHANG.nanomouse;
				PRODUCT_NAME = "$(TARGET_NAME)";
				STRIP_STYLE = "non-global";
				SUPPORTED_PLATFORMS = "iphoneos iphonesimulator";
				SUPPORTS_MACCATALYST = NO;
				SUPPORTS_MAC_DESIGNED_FOR_IPHONE_IPAD = NO;
				SWIFT_EMIT_LOC_STRINGS = YES;
				SWIFT_VERSION = 5.0;
				TARGETED_DEVICE_FAMILY = "1,2";
			};
			name = Debug;
		};
		C03E8035296D4F4D0083E53A /* Release */ = {
			isa = XCBuildConfiguration;
			buildSettings = {
				ALWAYS_EMBED_SWIFT_STANDARD_LIBRARIES = YES;
				ASSETCATALOG_COMPILER_APPICON_NAME = AppIcon;
				ASSETCATALOG_COMPILER_GLOBAL_ACCENT_COLOR_NAME = AccentColor;
				CODE_SIGN_ENTITLEMENTS = Hamster/Hamster.entitlements;
				CODE_SIGN_STYLE = Automatic;
				CURRENT_PROJECT_VERSION = 1;
				DEVELOPMENT_ASSET_PATHS = "\"Hamster/Assets/Preview Content\"";
				DEVELOPMENT_TEAM = BG5QAG9M95;
				ENABLE_BITCODE = NO;
				ENABLE_PREVIEWS = YES;
				GENERATE_INFOPLIST_FILE = YES;
				INFOPLIST_FILE = Hamster/Info.plist;
				INFOPLIST_KEY_CFBundleDisplayName = NanoMouse;
				INFOPLIST_KEY_LSApplicationCategoryType = "public.app-category.utilities";
				INFOPLIST_KEY_LSSupportsOpeningDocumentsInPlace = YES;
				INFOPLIST_KEY_NSHumanReadableCopyright = "";
				INFOPLIST_KEY_UIApplicationSupportsIndirectInputEvents = YES;
				INFOPLIST_KEY_UILaunchStoryboardName = LaunchScreen;
				INFOPLIST_KEY_UIRequiresFullScreen = NO;
				INFOPLIST_KEY_UISupportedInterfaceOrientations = "UIInterfaceOrientationLandscapeLeft UIInterfaceOrientationLandscapeRight UIInterfaceOrientationPortrait";
				INFOPLIST_KEY_UISupportedInterfaceOrientations_iPad = "UIInterfaceOrientationLandscapeLeft UIInterfaceOrientationLandscapeRight UIInterfaceOrientationPortrait UIInterfaceOrientationPortraitUpsideDown";
				INFOPLIST_KEY_UISupportsDocumentBrowser = YES;
				IPHONEOS_DEPLOYMENT_TARGET = 16.0;
				LD_RUNPATH_SEARCH_PATHS = (
					"$(inherited)",
					"@executable_path/Frameworks",
				);
				MARKETING_VERSION = 3.1;
				OTHER_LDFLAGS = "";
				OTHER_SWIFT_FLAGS = "$(inherited) -cxx-interoperability-mode=default";
				PRODUCT_BUNDLE_IDENTIFIER = com.XiangqingZHANG.nanomouse;
				PRODUCT_NAME = "$(TARGET_NAME)";
				STRIP_STYLE = "non-global";
				SUPPORTED_PLATFORMS = "iphoneos iphonesimulator";
				SUPPORTS_MACCATALYST = NO;
				SUPPORTS_MAC_DESIGNED_FOR_IPHONE_IPAD = NO;
				SWIFT_EMIT_LOC_STRINGS = YES;
				SWIFT_VERSION = 5.0;
				TARGETED_DEVICE_FAMILY = "1,2";
			};
			name = Release;
		};
		C03E8045296D53650083E53A /* Debug */ = {
			isa = XCBuildConfiguration;
			buildSettings = {
				CLANG_ENABLE_MODULES = YES;
				CODE_SIGN_ENTITLEMENTS = HamsterKeyboard/HamsterKeyboardDebug.entitlements;
				CODE_SIGN_STYLE = Automatic;
				CURRENT_PROJECT_VERSION = 1;
				DEVELOPMENT_TEAM = BG5QAG9M95;
				ENABLE_DEBUG_DYLIB = NO;
				GENERATE_INFOPLIST_FILE = YES;
				INFOPLIST_FILE = HamsterKeyboard/Info.plist;
				INFOPLIST_KEY_CFBundleDisplayName = NanoMouseKeyboard;
				INFOPLIST_KEY_LSSupportsOpeningDocumentsInPlace = YES;
				INFOPLIST_KEY_NSHumanReadableCopyright = "";
				IPHONEOS_DEPLOYMENT_TARGET = 16.0;
				LD_RUNPATH_SEARCH_PATHS = (
					"$(inherited)",
					"@executable_path/Frameworks",
					"@executable_path/../../Frameworks",
				);
				MARKETING_VERSION = 3.0.1;
				OTHER_LDFLAGS = (
					"-ObjC",
					"-all_load",
				);
				OTHER_SWIFT_FLAGS = "$(inherited) -cxx-interoperability-mode=default";
				PRODUCT_BUNDLE_IDENTIFIER = com.XiangqingZHANG.nanomouse.keyboard;
				PRODUCT_NAME = "$(TARGET_NAME)";
				SKIP_INSTALL = YES;
				STRIP_STYLE = "non-global";
				SWIFT_EMIT_LOC_STRINGS = YES;
				SWIFT_OPTIMIZATION_LEVEL = "-Onone";
				SWIFT_VERSION = 5.0;
				TARGETED_DEVICE_FAMILY = "1,2";
			};
			name = Debug;
		};
		C03E8046296D53650083E53A /* Release */ = {
			isa = XCBuildConfiguration;
			buildSettings = {
				CLANG_ENABLE_MODULES = YES;
				CODE_SIGN_ENTITLEMENTS = HamsterKeyboard/HamsterKeyboard.entitlements;
				CODE_SIGN_STYLE = Automatic;
				CURRENT_PROJECT_VERSION = 1;
				DEVELOPMENT_TEAM = BG5QAG9M95;
				ENABLE_DEBUG_DYLIB = NO;
				GENERATE_INFOPLIST_FILE = YES;
				INFOPLIST_FILE = HamsterKeyboard/Info.plist;
				INFOPLIST_KEY_CFBundleDisplayName = NanoMouseKeyboard;
				INFOPLIST_KEY_LSSupportsOpeningDocumentsInPlace = YES;
				INFOPLIST_KEY_NSHumanReadableCopyright = "";
				IPHONEOS_DEPLOYMENT_TARGET = 16.0;
				LD_RUNPATH_SEARCH_PATHS = (
					"$(inherited)",
					"@executable_path/Frameworks",
					"@executable_path/../../Frameworks",
				);
				MARKETING_VERSION = 3.0.1;
				OTHER_LDFLAGS = (
					"-ObjC",
					"-all_load",
				);
				OTHER_SWIFT_FLAGS = "$(inherited) -cxx-interoperability-mode=default";
				PRODUCT_BUNDLE_IDENTIFIER = com.XiangqingZHANG.nanomouse.keyboard;
				PRODUCT_NAME = "$(TARGET_NAME)";
				SKIP_INSTALL = YES;
				STRIP_STYLE = "non-global";
				SWIFT_EMIT_LOC_STRINGS = YES;
				SWIFT_VERSION = 5.0;
				TARGETED_DEVICE_FAMILY = "1,2";
			};
			name = Release;
		};
		CCB68ACF401775F5E8F5D587 /* Release */ = {
			isa = XCBuildConfiguration;
			buildSettings = {
				ASSETCATALOG_COMPILER_APPICON_NAME = AppIcon;
				ASSETCATALOG_COMPILER_GLOBAL_ACCENT_COLOR_NAME = AccentColor;
				ASSETCATALOG_COMPILER_INCLUDE_ALL_APPICON_ASSETS = NO;
				CODE_SIGN_ALLOW_ENTITLEMENTS_MODIFICATION = YES;
				CODE_SIGN_ENTITLEMENTS = ../mac/gui/SCT/SCT.entitlements;
				CODE_SIGN_STYLE = Automatic;
				COMBINE_HIDPI_IMAGES = YES;
				CURRENT_PROJECT_VERSION = 1;
				DEVELOPMENT_TEAM = BG5QAG9M95;
				ENABLE_APP_SANDBOX = YES;
				ENABLE_HARDENED_RUNTIME = YES;
				ENABLE_PREVIEWS = YES;
				ENABLE_USER_SELECTED_FILES = readwrite;
				GENERATE_INFOPLIST_FILE = YES;
				INFOPLIST_FILE = ../mac/gui/SCT/Info.plist;
				INFOPLIST_KEY_CFBundleDisplayName = NanoMouse;
				INFOPLIST_KEY_CFBundleName = NanoMouse;
				INFOPLIST_KEY_LSApplicationCategoryType = "public.app-category.utilities";
				INFOPLIST_KEY_NSHumanReadableCopyright = "";
				LD_RUNPATH_SEARCH_PATHS = (
					"$(inherited)",
					"@executable_path/../Frameworks",
				);
				MACOSX_DEPLOYMENT_TARGET = 14.6;
				MARKETING_VERSION = 3.0.1;
				OTHER_LDFLAGS = "";
				PRODUCT_BUNDLE_IDENTIFIER = com.XiangqingZHANG.nanomouse;
				PRODUCT_NAME = NanoMouse;
				REGISTER_APP_GROUPS = YES;
				SDKROOT = macosx;
				STRING_CATALOG_GENERATE_SYMBOLS = YES;
				SUPPORTED_PLATFORMS = macosx;
				SWIFT_APPROACHABLE_CONCURRENCY = YES;
				SWIFT_DEFAULT_ACTOR_ISOLATION = MainActor;
				SWIFT_EMIT_LOC_STRINGS = YES;
				SWIFT_UPCOMING_FEATURE_MEMBER_IMPORT_VISIBILITY = YES;
				SWIFT_VERSION = 5.0;
			};
			name = Release;
		};
		F43FFA2BC159491DF6C45863 /* Debug */ = {
			isa = XCBuildConfiguration;
			buildSettings = {
				ASSETCATALOG_COMPILER_APPICON_NAME = AppIcon;
				ASSETCATALOG_COMPILER_GLOBAL_ACCENT_COLOR_NAME = AccentColor;
				ASSETCATALOG_COMPILER_INCLUDE_ALL_APPICON_ASSETS = NO;
				CODE_SIGN_ALLOW_ENTITLEMENTS_MODIFICATION = YES;
				CODE_SIGN_ENTITLEMENTS = ../mac/gui/SCT/SCTDebug.entitlements;
				"CODE_SIGN_IDENTITY[sdk=macosx*]" = "Apple Development";
				CODE_SIGN_STYLE = Automatic;
				COMBINE_HIDPI_IMAGES = YES;
				CURRENT_PROJECT_VERSION = 1;
				DEAD_CODE_STRIPPING = YES;
				DEVELOPMENT_TEAM = BG5QAG9M95;
				ENABLE_APP_SANDBOX = YES;
				ENABLE_HARDENED_RUNTIME = YES;
				ENABLE_PREVIEWS = YES;
				ENABLE_USER_SELECTED_FILES = readwrite;
				GENERATE_INFOPLIST_FILE = YES;
				INFOPLIST_FILE = ../mac/gui/SCT/Info.plist;
				INFOPLIST_KEY_CFBundleDisplayName = NanoMouse;
				INFOPLIST_KEY_CFBundleName = NanoMouse;
				INFOPLIST_KEY_LSApplicationCategoryType = "public.app-category.utilities";
				INFOPLIST_KEY_NSHumanReadableCopyright = "";
				LD_RUNPATH_SEARCH_PATHS = (
					"$(inherited)",
					"@executable_path/../Frameworks",
				);
				MACOSX_DEPLOYMENT_TARGET = 14.6;
				MARKETING_VERSION = 3.0.1;
				OTHER_LDFLAGS = "";
				PRODUCT_BUNDLE_IDENTIFIER = com.XiangqingZHANG.nanomouse;
				PRODUCT_NAME = NanoMouse;
				REGISTER_APP_GROUPS = YES;
				SDKROOT = macosx;
				STRING_CATALOG_GENERATE_SYMBOLS = YES;
				SUPPORTED_PLATFORMS = macosx;
				SWIFT_APPROACHABLE_CONCURRENCY = YES;
				SWIFT_DEFAULT_ACTOR_ISOLATION = MainActor;
				SWIFT_EMIT_LOC_STRINGS = YES;
				SWIFT_UPCOMING_FEATURE_MEMBER_IMPORT_VISIBILITY = YES;
				SWIFT_VERSION = 5.0;
			};
			name = Debug;
		};
/* End XCBuildConfiguration section */

/* Begin XCConfigurationList section */
		094F322568D2828418D9788B /* Build configuration list for PBXNativeTarget "SCT" */ = {
			isa = XCConfigurationList;
			buildConfigurations = (
				CCB68ACF401775F5E8F5D587 /* Release */,
				F43FFA2BC159491DF6C45863 /* Debug */,
			);
			defaultConfigurationIsVisible = 0;
			defaultConfigurationName = Release;
		};
		7A260426000000000000000D /* Build configuration list for PBXNativeTarget "HamsterUITests" */ = {
			isa = XCConfigurationList;
			buildConfigurations = (
				7A260426000000000000000B /* Debug */,
				7A260426000000000000000C /* Release */,
			);
			defaultConfigurationIsVisible = 0;
			defaultConfigurationName = Release;
		};
		7B260426000000000000100D /* Build configuration list for PBXNativeTarget "SCTUITests" */ = {
			isa = XCConfigurationList;
			buildConfigurations = (
				7B260426000000000000100E /* Debug */,
				7B260426000000000000100F /* Release */,
			);
			defaultConfigurationIsVisible = 0;
			defaultConfigurationName = Release;
		};
		C03E8020296D4F4C0083E53A /* Build configuration list for PBXProject "Hamster" */ = {
			isa = XCConfigurationList;
			buildConfigurations = (
				C03E8031296D4F4D0083E53A /* Debug */,
				C03E8032296D4F4D0083E53A /* Release */,
			);
			defaultConfigurationIsVisible = 0;
			defaultConfigurationName = Release;
		};
		C03E8033296D4F4D0083E53A /* Build configuration list for PBXNativeTarget "Hamster" */ = {
			isa = XCConfigurationList;
			buildConfigurations = (
				C03E8034296D4F4D0083E53A /* Debug */,
				C03E8035296D4F4D0083E53A /* Release */,
			);
			defaultConfigurationIsVisible = 0;
			defaultConfigurationName = Release;
		};
		C03E8044296D53650083E53A /* Build configuration list for PBXNativeTarget "HamsterKeyboard" */ = {
			isa = XCConfigurationList;
			buildConfigurations = (
				C03E8045296D53650083E53A /* Debug */,
				C03E8046296D53650083E53A /* Release */,
			);
			defaultConfigurationIsVisible = 0;
			defaultConfigurationName = Release;
		};
/* End XCConfigurationList section */

/* Begin XCLocalSwiftPackageReference section */
		0F1A2B3C4D5E6F708192A3B6 /* XCLocalSwiftPackageReference "../shared/NanomouseReviewKit" */ = {
			isa = XCLocalSwiftPackageReference;
			relativePath = ../shared/NanomouseReviewKit;
		};
		3181DBEA0F47713243CEC55F /* XCLocalSwiftPackageReference "../mac/Packages/EmbeddedModuleHostKit" */ = {
			isa = XCLocalSwiftPackageReference;
			relativePath = ../mac/Packages/EmbeddedModuleHostKit;
		};
		705D517CFE924CB240C3044D /* XCLocalSwiftPackageReference "../.private/vendor/Yams" */ = {
			isa = XCLocalSwiftPackageReference;
			relativePath = ../.private/vendor/Yams;
		};
/* End XCLocalSwiftPackageReference section */

/* Begin XCRemoteSwiftPackageReference section */
		65D1E028EB1D6CAC9B1541E3 /* XCRemoteSwiftPackageReference "swift-markdown-ui" */ = {
			isa = XCRemoteSwiftPackageReference;
			repositoryURL = "https://github.com/gonzalezreal/swift-markdown-ui";
			requirement = {
				kind = upToNextMajorVersion;
				minimumVersion = 2.4.1;
			};
		};
/* End XCRemoteSwiftPackageReference section */

/* Begin XCSwiftPackageProductDependency section */
		0F1A2B3C4D5E6F708192A3B5 /* NanomouseReviewKit */ = {
			isa = XCSwiftPackageProductDependency;
			package = 0F1A2B3C4D5E6F708192A3B6 /* XCLocalSwiftPackageReference "../shared/NanomouseReviewKit" */;
			productName = NanomouseReviewKit;
		};
		86A69570B6A620619716F664 /* MarkdownUI */ = {
			isa = XCSwiftPackageProductDependency;
			package = 65D1E028EB1D6CAC9B1541E3 /* XCRemoteSwiftPackageReference "swift-markdown-ui" */;
			productName = MarkdownUI;
		};
		A583BF6DB266C2092B020A23 /* Yams */ = {
			isa = XCSwiftPackageProductDependency;
			package = 705D517CFE924CB240C3044D /* XCLocalSwiftPackageReference "../.private/vendor/Yams" */;
			productName = Yams;
		};
		C00C26B62B0698E300E92F89 /* HamsterKeyboardKit */ = {
			isa = XCSwiftPackageProductDependency;
			productName = HamsterKeyboardKit;
		};
		C053ADC22A5D503200EA7EEE /* HamsteriOS */ = {
			isa = XCSwiftPackageProductDependency;
			productName = HamsteriOS;
		};
		FB98E1496AA21223BE88E23F /* EmbeddedModuleHostKit */ = {
			isa = XCSwiftPackageProductDependency;
			package = 3181DBEA0F47713243CEC55F /* XCLocalSwiftPackageReference "../mac/Packages/EmbeddedModuleHostKit" */;
			productName = EmbeddedModuleHostKit;
		};
/* End XCSwiftPackageProductDependency section */
	};
	rootObject = C03E801D296D4F4C0083E53A /* Project object */;
}
