// !$*UTF8*$!
{
	archiveVersion = 1;
	classes = {
	};
	objectVersion = 77;
	objects = {

/* Begin PBXBuildFile section */
		7B2604260000000000000005 /* ScreenshotTests.swift in Sources */ = {isa = PBXBuildFile; fileRef = 7B2604260000000000000002 /* ScreenshotTests.swift */; };
		7B2604260000000000000006 /* SnapshotHelper.swift in Sources */ = {isa = PBXBuildFile; fileRef = 7B2604260000000000000003 /* SnapshotHelper.swift */; };
		E3B7085B731E44C68C7D1A10 /* EmbeddedModuleHostKit in Frameworks */ = {isa = PBXBuildFile; productRef = E3B7085B731E44C68C7D1A11 /* EmbeddedModuleHostKit */; };
		A1B2C3D4E5F60718293A4B5C /* NanomouseReviewKit in Frameworks */ = {isa = PBXBuildFile; productRef = A1B2C3D4E5F60718293A4B5E /* NanomouseReviewKit */; };
		B5AF88462EF3F1F2000868B9 /* Yams in Frameworks */ = {isa = PBXBuildFile; productRef = B5AF88452EF3F1F2000868B9 /* Yams */; };
		B5AF88462EF3F1F2000868BA /* MarkdownUI in Frameworks */ = {isa = PBXBuildFile; productRef = B5AF88452EF3F1F2000868BA /* MarkdownUI */; };
		B5FD97A82EF7E9E4009CE14D /* Sparkle in Frameworks */ = {isa = PBXBuildFile; productRef = B5FD97A72EF7E9E4009CE14D /* Sparkle */; };
/* End PBXBuildFile section */

/* Begin PBXContainerItemProxy section */
		7B260426000000000000000B /* PBXContainerItemProxy */ = {
			isa = PBXContainerItemProxy;
			containerPortal = B5AF882E2EF3F059000868B9 /* Project object */;
			proxyType = 1;
			remoteGlobalIDString = B5AF88352EF3F059000868B9;
			remoteInfo = SCT;
		};
/* End PBXContainerItemProxy section */

/* Begin PBXFileReference section */
		7B2604260000000000000002 /* ScreenshotTests.swift */ = {isa = PBXFileReference; lastKnownFileType = sourcecode.swift; path = ScreenshotTests.swift; sourceTree = "<group>"; };
		7B2604260000000000000003 /* SnapshotHelper.swift */ = {isa = PBXFileReference; lastKnownFileType = sourcecode.swift; path = SnapshotHelper.swift; sourceTree = "<group>"; };
		7B2604260000000000000004 /* SCTUITests.xctest */ = {isa = PBXFileReference; explicitFileType = wrapper.cfbundle; includeInIndex = 0; path = SCTUITests.xctest; sourceTree = BUILT_PRODUCTS_DIR; };
		7B2604260000000000000010 /* SCTUITests.entitlements */ = {isa = PBXFileReference; lastKnownFileType = text.plist.entitlements; path = SCTUITests.entitlements; sourceTree = "<group>"; };
		B5AF88362EF3F059000868B9 /* NanoMouse.app */ = {isa = PBXFileReference; explicitFileType = wrapper.application; includeInIndex = 0; path = NanoMouse.app; sourceTree = BUILT_PRODUCTS_DIR; };
/* End PBXFileReference section */

/* Begin PBXFileSystemSynchronizedBuildFileExceptionSet section */
		B5FD97AA2EF7EE94009CE14D /* Exceptions for "SCT" folder in "SCT" target */ = {
			isa = PBXFileSystemSynchronizedBuildFileExceptionSet;
			membershipExceptions = (
				Info.plist,
			);
			target = B5AF88352EF3F059000868B9 /* SCT */;
		};
/* End PBXFileSystemSynchronizedBuildFileExceptionSet section */

/* Begin PBXFileSystemSynchronizedRootGroup section */
		B5AF88382EF3F059000868B9 /* SCT */ = {
			isa = PBXFileSystemSynchronizedRootGroup;
			exceptions = (
				B5FD97AA2EF7EE94009CE14D /* Exceptions for "SCT" folder in "SCT" target */,
			);
			path = SCT;
			sourceTree = "<group>";
		};
/* End PBXFileSystemSynchronizedRootGroup section */

/* Begin PBXFrameworksBuildPhase section */
		7B2604260000000000000009 /* Frameworks */ = {
			isa = PBXFrameworksBuildPhase;
			buildActionMask = 2147483647;
			files = (
			);
			runOnlyForDeploymentPostprocessing = 0;
		};
		B5AF88332EF3F059000868B9 /* Frameworks */ = {
			isa = PBXFrameworksBuildPhase;
			buildActionMask = 2147483647;
			files = (
				E3B7085B731E44C68C7D1A10 /* EmbeddedModuleHostKit in Frameworks */,
				A1B2C3D4E5F60718293A4B5C /* NanomouseReviewKit in Frameworks */,
				B5FD97A82EF7E9E4009CE14D /* Sparkle in Frameworks */,
				B5AF88462EF3F1F2000868BA /* MarkdownUI in Frameworks */,
				B5AF88462EF3F1F2000868B9 /* Yams in Frameworks */,
			);
			runOnlyForDeploymentPostprocessing = 0;
		};
/* End PBXFrameworksBuildPhase section */

/* Begin PBXGroup section */
		7B2604260000000000000001 /* SCTUITests */ = {
			isa = PBXGroup;
			children = (
				7B2604260000000000000002 /* ScreenshotTests.swift */,
				7B2604260000000000000003 /* SnapshotHelper.swift */,
				7B2604260000000000000010 /* SCTUITests.entitlements */,
			);
			path = SCTUITests;
			sourceTree = "<group>";
		};
		B54D0ADB2EF412FA00C68277 /* Recovered References */ = {
			isa = PBXGroup;
			children = (
			);
			name = "Recovered References";
			sourceTree = "<group>";
		};
		B5AF882D2EF3F059000868B9 = {
			isa = PBXGroup;
			children = (
				B5AF88382EF3F059000868B9 /* SCT */,
				7B2604260000000000000001 /* SCTUITests */,
				B5AF88372EF3F059000868B9 /* Products */,
				B54D0ADB2EF412FA00C68277 /* Recovered References */,
			);
			sourceTree = "<group>";
		};
		B5AF88372EF3F059000868B9 /* Products */ = {
			isa = PBXGroup;
			children = (
				B5AF88362EF3F059000868B9 /* NanoMouse.app */,
				7B2604260000000000000004 /* SCTUITests.xctest */,
			);
			name = Products;
			sourceTree = "<group>";
		};
/* End PBXGroup section */

/* Begin PBXNativeTarget section */
		7B2604260000000000000007 /* SCTUITests */ = {
			isa = PBXNativeTarget;
			buildConfigurationList = 7B260426000000000000000D /* Build configuration list for PBXNativeTarget "SCTUITests" */;
			buildPhases = (
				7B2604260000000000000008 /* Sources */,
				7B2604260000000000000009 /* Frameworks */,
				7B260426000000000000000A /* Resources */,
			);
			buildRules = (
			);
			dependencies = (
				7B260426000000000000000C /* PBXTargetDependency */,
			);
			name = SCTUITests;
			productName = SCTUITests;
			productReference = 7B2604260000000000000004 /* SCTUITests.xctest */;
			productType = "com.apple.product-type.bundle.ui-testing";
		};
		B5AF88352EF3F059000868B9 /* SCT */ = {
			isa = PBXNativeTarget;
			buildConfigurationList = B5AF88412EF3F05A000868B9 /* Build configuration list for PBXNativeTarget "SCT" */;
			buildPhases = (
				B5AF88322EF3F059000868B9 /* Sources */,
				B5AF88332EF3F059000868B9 /* Frameworks */,
				B5AF88342EF3F059000868B9 /* Resources */,
			);
			buildRules = (
			);
			dependencies = (
			);
			fileSystemSynchronizedGroups = (
				B5AF88382EF3F059000868B9 /* SCT */,
			);
			name = SCT;
			packageProductDependencies = (
				E3B7085B731E44C68C7D1A11 /* EmbeddedModuleHostKit */,
				A1B2C3D4E5F60718293A4B5E /* NanomouseReviewKit */,
				B5AF88452EF3F1F2000868BA /* MarkdownUI */,
				B5AF88452EF3F1F2000868B9 /* Yams */,
				B5FD97A72EF7E9E4009CE14D /* Sparkle */,
			);
			productName = NanoMouse;
			productReference = B5AF88362EF3F059000868B9 /* NanoMouse.app */;
			productType = "com.apple.product-type.application";
		};
/* End PBXNativeTarget section */

/* Begin PBXProject section */
		B5AF882E2EF3F059000868B9 /* Project object */ = {
			isa = PBXProject;
			attributes = {
				BuildIndependentTargetsInParallel = 1;
				LastSwiftUpdateCheck = 2620;
				LastUpgradeCheck = 2620;
				TargetAttributes = {
					7B2604260000000000000007 = {
						CreatedOnToolsVersion = 26.2;
						TestTargetID = B5AF88352EF3F059000868B9;
					};
					B5AF88352EF3F059000868B9 = {
						CreatedOnToolsVersion = 26.2;
					};
				};
			};
			buildConfigurationList = B5AF88312EF3F059000868B9 /* Build configuration list for PBXProject "SCT" */;
			developmentRegion = en;
			hasScannedForEncodings = 0;
			knownRegions = (
				en,
				Base,
			);
			mainGroup = B5AF882D2EF3F059000868B9;
			minimizedProjectReferenceProxies = 1;
			packageReferences = (
				E3B7085B731E44C68C7D1A12 /* XCLocalSwiftPackageReference "EmbeddedModuleHostKit" */,
				A1B2C3D4E5F60718293A4B5D /* XCLocalSwiftPackageReference "NanomouseReviewKit" */,
				B5AF88472EF3F1F2000868BA /* XCRemoteSwiftPackageReference "swift-markdown-ui" */,
				B5AF88472EF3F1F2000868B9 /* XCRemoteSwiftPackageReference "Yams" */,
				B5FD97A62EF7E9E4009CE14D /* XCRemoteSwiftPackageReference "Sparkle" */,
			);
			preferredProjectObjectVersion = 77;
			productRefGroup = B5AF88372EF3F059000868B9 /* Products */;
			projectDirPath = "";
			projectRoot = "";
			targets = (
				B5AF88352EF3F059000868B9 /* SCT */,
				7B2604260000000000000007 /* SCTUITests */,
			);
		};
/* End PBXProject section */

/* Begin PBXResourcesBuildPhase section */
		7B260426000000000000000A /* Resources */ = {
			isa = PBXResourcesBuildPhase;
			buildActionMask = 2147483647;
			files = (
			);
			runOnlyForDeploymentPostprocessing = 0;
		};
		B5AF88342EF3F059000868B9 /* Resources */ = {
			isa = PBXResourcesBuildPhase;
			buildActionMask = 2147483647;
			files = (
			);
			runOnlyForDeploymentPostprocessing = 0;
		};
/* End PBXResourcesBuildPhase section */

/* Begin PBXSourcesBuildPhase section */
		7B2604260000000000000008 /* Sources */ = {
			isa = PBXSourcesBuildPhase;
			buildActionMask = 2147483647;
			files = (
				7B2604260000000000000005 /* ScreenshotTests.swift in Sources */,
				7B2604260000000000000006 /* SnapshotHelper.swift in Sources */,
			);
			runOnlyForDeploymentPostprocessing = 0;
		};
		B5AF88322EF3F059000868B9 /* Sources */ = {
			isa = PBXSourcesBuildPhase;
			buildActionMask = 2147483647;
			files = (
			);
			runOnlyForDeploymentPostprocessing = 0;
		};
/* End PBXSourcesBuildPhase section */

/* Begin PBXTargetDependency section */
		7B260426000000000000000C /* PBXTargetDependency */ = {
			isa = PBXTargetDependency;
			target = B5AF88352EF3F059000868B9 /* SCT */;
			targetProxy = 7B260426000000000000000B /* PBXContainerItemProxy */;
		};
/* End PBXTargetDependency section */

/* Begin XCBuildConfiguration section */
		7B260426000000000000000E /* Debug */ = {
			isa = XCBuildConfiguration;
			buildSettings = {
				ALWAYS_EMBED_SWIFT_STANDARD_LIBRARIES = YES;
				CODE_SIGN_ENTITLEMENTS = SCTUITests/SCTUITests.entitlements;
				CODE_SIGN_STYLE = Automatic;
				CURRENT_PROJECT_VERSION = 1;
				DEVELOPMENT_TEAM = BG5QAG9M95;
				GENERATE_INFOPLIST_FILE = YES;
				MACOSX_DEPLOYMENT_TARGET = 14.6;
				MARKETING_VERSION = 1.0;
				PRODUCT_BUNDLE_IDENTIFIER = com.XiangqingZHANG.nanomouse.macUITests;
				PRODUCT_NAME = "$(TARGET_NAME)";
				SDKROOT = macosx;
				SKIP_INSTALL = YES;
				SUPPORTED_PLATFORMS = macosx;
				SWIFT_OPTIMIZATION_LEVEL = "-Onone";
				SWIFT_VERSION = 5.0;
				TEST_TARGET_NAME = SCT;
			};
			name = Debug;
		};
		7B260426000000000000000F /* Release */ = {
			isa = XCBuildConfiguration;
			buildSettings = {
				ALWAYS_EMBED_SWIFT_STANDARD_LIBRARIES = YES;
				CODE_SIGN_ENTITLEMENTS = SCTUITests/SCTUITests.entitlements;
				CODE_SIGN_STYLE = Automatic;
				CURRENT_PROJECT_VERSION = 1;
				DEVELOPMENT_TEAM = BG5QAG9M95;
				GENERATE_INFOPLIST_FILE = YES;
				MACOSX_DEPLOYMENT_TARGET = 14.6;
				MARKETING_VERSION = 1.0;
				PRODUCT_BUNDLE_IDENTIFIER = com.XiangqingZHANG.nanomouse.macUITests;
				PRODUCT_NAME = "$(TARGET_NAME)";
				SDKROOT = macosx;
				SKIP_INSTALL = YES;
				SUPPORTED_PLATFORMS = macosx;
				SWIFT_VERSION = 5.0;
				TEST_TARGET_NAME = SCT;
			};
			name = Release;
		};
		B5AF883F2EF3F05A000868B9 /* Debug */ = {
			isa = XCBuildConfiguration;
			buildSettings = {
				ALWAYS_SEARCH_USER_PATHS = NO;
				ASSETCATALOG_COMPILER_GENERATE_SWIFT_ASSET_SYMBOL_EXTENSIONS = YES;
				CLANG_ANALYZER_NONNULL = YES;
				CLANG_ANALYZER_NUMBER_OBJECT_CONVERSION = YES_AGGRESSIVE;
				CLANG_CXX_LANGUAGE_STANDARD = "gnu++20";
				CLANG_ENABLE_MODULES = YES;
				CLANG_ENABLE_OBJC_ARC = YES;
				CLANG_ENABLE_OBJC_WEAK = YES;
				CLANG_WARN_BLOCK_CAPTURE_AUTORELEASING = YES;
				CLANG_WARN_BOOL_CONVERSION = YES;
				CLANG_WARN_COMMA = YES;
				CLANG_WARN_CONSTANT_CONVERSION = YES;
				CLANG_WARN_DEPRECATED_OBJC_IMPLEMENTATIONS = YES;
				CLANG_WARN_DIRECT_OBJC_ISA_USAGE = YES_ERROR;
				CLANG_WARN_DOCUMENTATION_COMMENTS = YES;
				CLANG_WARN_EMPTY_BODY = YES;
				CLANG_WARN_ENUM_CONVERSION = YES;
				CLANG_WARN_INFINITE_RECURSION = YES;
				CLANG_WARN_INT_CONVERSION = YES;
				CLANG_WARN_NON_LITERAL_NULL_CONVERSION = YES;
				CLANG_WARN_OBJC_IMPLICIT_RETAIN_SELF = YES;
				CLANG_WARN_OBJC_LITERAL_CONVERSION = YES;
				CLANG_WARN_OBJC_ROOT_CLASS = YES_ERROR;
				CLANG_WARN_QUOTED_INCLUDE_IN_FRAMEWORK_HEADER = YES;
				CLANG_WARN_RANGE_LOOP_ANALYSIS = YES;
				CLANG_WARN_STRICT_PROTOTYPES = YES;
				CLANG_WARN_SUSPICIOUS_MOVE = YES;
				CLANG_WARN_UNGUARDED_AVAILABILITY = YES_AGGRESSIVE;
				CLANG_WARN_UNREACHABLE_CODE = YES;
				CLANG_WARN__DUPLICATE_METHOD_MATCH = YES;
				COPY_PHASE_STRIP = NO;
				DEAD_CODE_STRIPPING = YES;
				DEBUG_INFORMATION_FORMAT = dwarf;
				DEVELOPMENT_TEAM = S2D42Y29YT;
				ENABLE_STRICT_OBJC_MSGSEND = YES;
				ENABLE_TESTABILITY = YES;
				ENABLE_USER_SCRIPT_SANDBOXING = YES;
				GCC_C_LANGUAGE_STANDARD = gnu17;
				GCC_DYNAMIC_NO_PIC = NO;
				GCC_NO_COMMON_BLOCKS = YES;
				GCC_OPTIMIZATION_LEVEL = 0;
				GCC_PREPROCESSOR_DEFINITIONS = (
					"DEBUG=1",
					"$(inherited)",
				);
				GCC_WARN_64_TO_32_BIT_CONVERSION = YES;
				GCC_WARN_ABOUT_RETURN_TYPE = YES_ERROR;
				GCC_WARN_UNDECLARED_SELECTOR = YES;
				GCC_WARN_UNINITIALIZED_AUTOS = YES_AGGRESSIVE;
				GCC_WARN_UNUSED_FUNCTION = YES;
				GCC_WARN_UNUSED_VARIABLE = YES;
				LOCALIZATION_PREFERS_STRING_CATALOGS = YES;
				MACOSX_DEPLOYMENT_TARGET = 14.6;
				MTL_ENABLE_DEBUG_INFO = INCLUDE_SOURCE;
				MTL_FAST_MATH = YES;
				ONLY_ACTIVE_ARCH = YES;
				SDKROOT = macosx;
				STRING_CATALOG_GENERATE_SYMBOLS = YES;
				SWIFT_ACTIVE_COMPILATION_CONDITIONS = "DEBUG $(inherited)";
				SWIFT_OPTIMIZATION_LEVEL = "-Onone";
			};
			name = Debug;
		};
		B5AF88402EF3F05A000868B9 /* Release */ = {
			isa = XCBuildConfiguration;
			buildSettings = {
				ALWAYS_SEARCH_USER_PATHS = NO;
				ASSETCATALOG_COMPILER_GENERATE_SWIFT_ASSET_SYMBOL_EXTENSIONS = YES;
				CLANG_ANALYZER_NONNULL = YES;
				CLANG_ANALYZER_NUMBER_OBJECT_CONVERSION = YES_AGGRESSIVE;
				CLANG_CXX_LANGUAGE_STANDARD = "gnu++20";
				CLANG_ENABLE_MODULES = YES;
				CLANG_ENABLE_OBJC_ARC = YES;
				CLANG_ENABLE_OBJC_WEAK = YES;
				CLANG_WARN_BLOCK_CAPTURE_AUTORELEASING = YES;
				CLANG_WARN_BOOL_CONVERSION = YES;
				CLANG_WARN_COMMA = YES;
				CLANG_WARN_CONSTANT_CONVERSION = YES;
				CLANG_WARN_DEPRECATED_OBJC_IMPLEMENTATIONS = YES;
				CLANG_WARN_DIRECT_OBJC_ISA_USAGE = YES_ERROR;
				CLANG_WARN_DOCUMENTATION_COMMENTS = YES;
				CLANG_WARN_EMPTY_BODY = YES;
				CLANG_WARN_ENUM_CONVERSION = YES;
				CLANG_WARN_INFINITE_RECURSION = YES;
				CLANG_WARN_INT_CONVERSION = YES;
				CLANG_WARN_NON_LITERAL_NULL_CONVERSION = YES;
				CLANG_WARN_OBJC_IMPLICIT_RETAIN_SELF = YES;
				CLANG_WARN_OBJC_LITERAL_CONVERSION = YES;
				CLANG_WARN_OBJC_ROOT_CLASS = YES_ERROR;
				CLANG_WARN_QUOTED_INCLUDE_IN_FRAMEWORK_HEADER = YES;
				CLANG_WARN_RANGE_LOOP_ANALYSIS = YES;
				CLANG_WARN_STRICT_PROTOTYPES = YES;
				CLANG_WARN_SUSPICIOUS_MOVE = YES;
				CLANG_WARN_UNGUARDED_AVAILABILITY = YES_AGGRESSIVE;
				CLANG_WARN_UNREACHABLE_CODE = YES;
				CLANG_WARN__DUPLICATE_METHOD_MATCH = YES;
				COPY_PHASE_STRIP = NO;
				DEAD_CODE_STRIPPING = YES;
				DEBUG_INFORMATION_FORMAT = "dwarf-with-dsym";
				DEVELOPMENT_TEAM = S2D42Y29YT;
				ENABLE_NS_ASSERTIONS = NO;
				ENABLE_STRICT_OBJC_MSGSEND = YES;
				ENABLE_USER_SCRIPT_SANDBOXING = YES;
				GCC_C_LANGUAGE_STANDARD = gnu17;
				GCC_NO_COMMON_BLOCKS = YES;
				GCC_WARN_64_TO_32_BIT_CONVERSION = YES;
				GCC_WARN_ABOUT_RETURN_TYPE = YES_ERROR;
				GCC_WARN_UNDECLARED_SELECTOR = YES;
				GCC_WARN_UNINITIALIZED_AUTOS = YES_AGGRESSIVE;
				GCC_WARN_UNUSED_FUNCTION = YES;
				GCC_WARN_UNUSED_VARIABLE = YES;
				LOCALIZATION_PREFERS_STRING_CATALOGS = YES;
				MACOSX_DEPLOYMENT_TARGET = 14.6;
				MTL_ENABLE_DEBUG_INFO = NO;
				MTL_FAST_MATH = YES;
				SDKROOT = macosx;
				STRING_CATALOG_GENERATE_SYMBOLS = YES;
				SWIFT_COMPILATION_MODE = wholemodule;
			};
			name = Release;
		};
		B5AF88422EF3F05A000868B9 /* Debug */ = {
			isa = XCBuildConfiguration;
			buildSettings = {
				ASSETCATALOG_COMPILER_APPICON_NAME = RimeIcon;
				ASSETCATALOG_COMPILER_GLOBAL_ACCENT_COLOR_NAME = AccentColor;
				ASSETCATALOG_COMPILER_INCLUDE_ALL_APPICON_ASSETS = NO;
				CODE_SIGN_ENTITLEMENTS = SCT/SCTDebug.entitlements;
				"CODE_SIGN_IDENTITY[sdk=macosx*]" = "Apple Development";
				CODE_SIGN_STYLE = Automatic;
				COMBINE_HIDPI_IMAGES = YES;
				CURRENT_PROJECT_VERSION = 3;
				DEAD_CODE_STRIPPING = YES;
				DEVELOPMENT_TEAM = BG5QAG9M95;
				ENABLE_APP_SANDBOX = YES;
				ENABLE_HARDENED_RUNTIME = YES;
				ENABLE_PREVIEWS = YES;
				ENABLE_USER_SELECTED_FILES = readwrite;
				GENERATE_INFOPLIST_FILE = YES;
				INFOPLIST_FILE = SCT/Info.plist;
				INFOPLIST_KEY_CFBundleDisplayName = NanoMouse;
				INFOPLIST_KEY_CFBundleName = NanoMouse;
				INFOPLIST_KEY_LSApplicationCategoryType = "public.app-category.utilities";
				INFOPLIST_KEY_NSHumanReadableCopyright = "";
				LD_RUNPATH_SEARCH_PATHS = (
					"$(inherited)",
					"@executable_path/../Frameworks",
				);
				MACOSX_DEPLOYMENT_TARGET = 14.6;
				MARKETING_VERSION = 1.0.2;
				PRODUCT_BUNDLE_IDENTIFIER = com.XiangqingZHANG.nanomouse;
				PRODUCT_NAME = NanoMouse;
				REGISTER_APP_GROUPS = YES;
				STRING_CATALOG_GENERATE_SYMBOLS = YES;
				SWIFT_APPROACHABLE_CONCURRENCY = YES;
				SWIFT_DEFAULT_ACTOR_ISOLATION = MainActor;
				SWIFT_EMIT_LOC_STRINGS = YES;
				SWIFT_UPCOMING_FEATURE_MEMBER_IMPORT_VISIBILITY = YES;
				SWIFT_VERSION = 5.0;
			};
			name = Debug;
		};
		B5AF88432EF3F05A000868B9 /* Release */ = {
			isa = XCBuildConfiguration;
			buildSettings = {
				ASSETCATALOG_COMPILER_APPICON_NAME = RimeIcon;
				ASSETCATALOG_COMPILER_GLOBAL_ACCENT_COLOR_NAME = AccentColor;
				ASSETCATALOG_COMPILER_INCLUDE_ALL_APPICON_ASSETS = NO;
				CODE_SIGN_ENTITLEMENTS = SCT/SCT.entitlements;
				"CODE_SIGN_IDENTITY[sdk=macosx*]" = "Apple Development";
				CODE_SIGN_STYLE = Automatic;
				COMBINE_HIDPI_IMAGES = YES;
				CURRENT_PROJECT_VERSION = 3;
				DEAD_CODE_STRIPPING = YES;
				DEVELOPMENT_TEAM = BG5QAG9M95;
				ENABLE_APP_SANDBOX = YES;
				ENABLE_HARDENED_RUNTIME = YES;
				ENABLE_PREVIEWS = YES;
				ENABLE_USER_SELECTED_FILES = readwrite;
				GENERATE_INFOPLIST_FILE = YES;
				INFOPLIST_FILE = SCT/Info.plist;
				INFOPLIST_KEY_CFBundleDisplayName = NanoMouse;
				INFOPLIST_KEY_CFBundleName = NanoMouse;
				INFOPLIST_KEY_LSApplicationCategoryType = "public.app-category.utilities";
				INFOPLIST_KEY_NSHumanReadableCopyright = "";
				LD_RUNPATH_SEARCH_PATHS = (
					"$(inherited)",
					"@executable_path/../Frameworks",
				);
				MACOSX_DEPLOYMENT_TARGET = 14.6;
				MARKETING_VERSION = 1.0.2;
				PRODUCT_BUNDLE_IDENTIFIER = com.XiangqingZHANG.nanomouse;
				PRODUCT_NAME = NanoMouse;
				REGISTER_APP_GROUPS = YES;
				STRING_CATALOG_GENERATE_SYMBOLS = YES;
				SWIFT_APPROACHABLE_CONCURRENCY = YES;
				SWIFT_DEFAULT_ACTOR_ISOLATION = MainActor;
				SWIFT_EMIT_LOC_STRINGS = YES;
				SWIFT_UPCOMING_FEATURE_MEMBER_IMPORT_VISIBILITY = YES;
				SWIFT_VERSION = 5.0;
			};
			name = Release;
		};
/* End XCBuildConfiguration section */

/* Begin XCConfigurationList section */
		7B260426000000000000000D /* Build configuration list for PBXNativeTarget "SCTUITests" */ = {
			isa = XCConfigurationList;
			buildConfigurations = (
				7B260426000000000000000E /* Debug */,
				7B260426000000000000000F /* Release */,
			);
			defaultConfigurationIsVisible = 0;
			defaultConfigurationName = Release;
		};
		B5AF88312EF3F059000868B9 /* Build configuration list for PBXProject "SCT" */ = {
			isa = XCConfigurationList;
			buildConfigurations = (
				B5AF883F2EF3F05A000868B9 /* Debug */,
				B5AF88402EF3F05A000868B9 /* Release */,
			);
			defaultConfigurationIsVisible = 0;
			defaultConfigurationName = Release;
		};
		B5AF88412EF3F05A000868B9 /* Build configuration list for PBXNativeTarget "SCT" */ = {
			isa = XCConfigurationList;
			buildConfigurations = (
				B5AF88422EF3F05A000868B9 /* Debug */,
				B5AF88432EF3F05A000868B9 /* Release */,
			);
			defaultConfigurationIsVisible = 0;
			defaultConfigurationName = Release;
		};
/* End XCConfigurationList section */

/* Begin XCLocalSwiftPackageReference section */
		E3B7085B731E44C68C7D1A12 /* XCLocalSwiftPackageReference "EmbeddedModuleHostKit" */ = {
			isa = XCLocalSwiftPackageReference;
			relativePath = ../Packages/EmbeddedModuleHostKit;
		};
		A1B2C3D4E5F60718293A4B5D /* XCLocalSwiftPackageReference "NanomouseReviewKit" */ = {
			isa = XCLocalSwiftPackageReference;
			relativePath = ../../shared/NanomouseReviewKit;
		};
/* End XCLocalSwiftPackageReference section */

/* Begin XCRemoteSwiftPackageReference section */
		B5AF88472EF3F1F2000868B9 /* XCRemoteSwiftPackageReference "Yams" */ = {
			isa = XCRemoteSwiftPackageReference;
			repositoryURL = "https://github.com/jpsim/Yams.git";
			requirement = {
				kind = upToNextMajorVersion;
				minimumVersion = 5.0.6;
			};
		};
		B5AF88472EF3F1F2000868BA /* XCRemoteSwiftPackageReference "swift-markdown-ui" */ = {
			isa = XCRemoteSwiftPackageReference;
			repositoryURL = "https://github.com/gonzalezreal/swift-markdown-ui";
			requirement = {
				kind = upToNextMajorVersion;
				minimumVersion = 2.4.1;
			};
		};
		B5FD97A62EF7E9E4009CE14D /* XCRemoteSwiftPackageReference "Sparkle" */ = {
			isa = XCRemoteSwiftPackageReference;
			repositoryURL = "https://github.com/sparkle-project/Sparkle";
			requirement = {
				kind = upToNextMajorVersion;
				minimumVersion = 2.8.1;
			};
		};
/* End XCRemoteSwiftPackageReference section */

/* Begin XCSwiftPackageProductDependency section */
		E3B7085B731E44C68C7D1A11 /* EmbeddedModuleHostKit */ = {
			isa = XCSwiftPackageProductDependency;
			package = E3B7085B731E44C68C7D1A12 /* XCLocalSwiftPackageReference "EmbeddedModuleHostKit" */;
			productName = EmbeddedModuleHostKit;
		};
		A1B2C3D4E5F60718293A4B5E /* NanomouseReviewKit */ = {
			isa = XCSwiftPackageProductDependency;
			package = A1B2C3D4E5F60718293A4B5D /* XCLocalSwiftPackageReference "NanomouseReviewKit" */;
			productName = NanomouseReviewKit;
		};
		B5AF88452EF3F1F2000868B9 /* Yams */ = {
			isa = XCSwiftPackageProductDependency;
			package = B5AF88472EF3F1F2000868B9 /* XCRemoteSwiftPackageReference "Yams" */;
			productName = Yams;
		};
		B5AF88452EF3F1F2000868BA /* MarkdownUI */ = {
			isa = XCSwiftPackageProductDependency;
			package = B5AF88472EF3F1F2000868BA /* XCRemoteSwiftPackageReference "swift-markdown-ui" */;
			productName = MarkdownUI;
		};
		B5FD97A72EF7E9E4009CE14D /* Sparkle */ = {
			isa = XCSwiftPackageProductDependency;
			package = B5FD97A62EF7E9E4009CE14D /* XCRemoteSwiftPackageReference "Sparkle" */;
			productName = Sparkle;
		};
/* End XCSwiftPackageProductDependency section */
	};
	rootObject = B5AF882E2EF3F059000868B9 /* Project object */;
}
